
Microsoft Visual Studio Solution File, Format Version 12.00
# Visual Studio Version 16
VisualStudioVersion = 16.0.33214.272
MinimumVisualStudioVersion = 10.0.40219.1
Project("{8BC9CEB8-8B4A-11D0-8D11-00A0C91BC942}") = "AOC lib", "AOC lib\AOC lib.vcxproj", "{DF84F0B6-501E-4024-A912-9C0B3C219597}"
EndProject
Project("{2150E333-8FDC-42A3-9474-1A3956D46DE8}") = "AOC 01", "AOC 01", "{A1945797-3AB6-428F-0001-000000000000}"
EndProject
Project("{8BC9CEB8-8B4A-11D0-8D11-00A0C91BC942}") = "AOC 01 test", "AOC 01\test\test.vcxproj", "{A1945797-3AB6-428F-0001-000000000001}"
EndProject
Project("{8BC9CEB8-8B4A-11D0-8D11-00A0C91BC942}") = "AOC 01 simple", "AOC 01\simple\simple.vcxproj", "{A1945797-3AB6-428F-0001-000000000002}"
EndProject
Project("{8BC9CEB8-8B4A-11D0-8D11-00A0C91BC942}") = "AOC 01 hard", "AOC 01\hard\hard.vcxproj", "{A1945797-3AB6-428F-0001-000000000003}"
EndProject
Project("{2150E333-8FDC-42A3-9474-1A3956D46DE8}") = "AOC 01 data", "AOC 01 data", "{A1945797-3AB6-428F-0001-000000000004}"
	ProjectSection(SolutionItems) = preProject
		AOC 01\data\hard.txt = AOC 01\data\hard.txt
		AOC 01\data\simple.txt = AOC 01\data\simple.txt
		AOC 01\data\test.txt = AOC 01\data\test.txt
	EndProjectSection
EndProject
Project("{2150E333-8FDC-42A3-9474-1A3956D46DE8}") = "AOC 02", "AOC 02", "{A1945797-3AB6-428F-0002-000000000000}"
EndProject
Project("{8BC9CEB8-8B4A-11D0-8D11-00A0C91BC942}") = "AOC 02 test", "AOC 02\test\test.vcxproj", "{A1945797-3AB6-428F-0002-000000000001}"
EndProject
Project("{8BC9CEB8-8B4A-11D0-8D11-00A0C91BC942}") = "AOC 02 simple", "AOC 02\simple\simple.vcxproj", "{A1945797-3AB6-428F-0002-000000000002}"
EndProject
Project("{8BC9CEB8-8B4A-11D0-8D11-00A0C91BC942}") = "AOC 02 hard", "AOC 02\hard\hard.vcxproj", "{A1945797-3AB6-428F-0002-000000000003}"
EndProject
Project("{2150E333-8FDC-42A3-9474-1A3956D46DE8}") = "AOC 02 data", "AOC 02 data", "{A1945797-3AB6-428F-0002-000000000004}"
	ProjectSection(SolutionItems) = preProject
		AOC 02\data\hard.txt = AOC 02\data\hard.txt
		AOC 02\data\simple.txt = AOC 02\data\simple.txt
		AOC 02\data\test.txt = AOC 02\data\test.txt
	EndProjectSection
EndProject
Project("{2150E333-8FDC-42A3-9474-1A3956D46DE8}") = "AOC 03", "AOC 03", "{A1945797-3AB6-428F-0003-000000000000}"
EndProject
Project("{8BC9CEB8-8B4A-11D0-8D11-00A0C91BC942}") = "AOC 03 test", "AOC 03\test\test.vcxproj", "{A1945797-3AB6-428F-0003-000000000001}"
EndProject
Project("{8BC9CEB8-8B4A-11D0-8D11-00A0C91BC942}") = "AOC 03 simple", "AOC 03\simple\simple.vcxproj", "{A1945797-3AB6-428F-0003-000000000002}"
EndProject
Project("{8BC9CEB8-8B4A-11D0-8D11-00A0C91BC942}") = "AOC 03 hard", "AOC 03\hard\hard.vcxproj", "{A1945797-3AB6-428F-0003-000000000003}"
EndProject
Project("{2150E333-8FDC-42A3-9474-1A3956D46DE8}") = "AOC 03 data", "AOC 03 data", "{A1945797-3AB6-428F-0003-000000000004}"
	ProjectSection(SolutionItems) = preProject
		AOC 03\data\hard.txt = AOC 03\data\hard.txt
		AOC 03\data\simple.txt = AOC 03\data\simple.txt
		AOC 03\data\test.txt = AOC 03\data\test.txt
	EndProjectSection
EndProject
Project("{2150E333-8FDC-42A3-9474-1A3956D46DE8}") = "AOC 04", "AOC 04", "{A1945797-3AB6-428F-0004-000000000000}"
EndProject
Project("{8BC9CEB8-8B4A-11D0-8D11-00A0C91BC942}") = "AOC 04 test", "AOC 04\test\test.vcxproj", "{A1945797-3AB6-428F-0004-000000000001}"
EndProject
Project("{8BC9CEB8-8B4A-11D0-8D11-00A0C91BC942}") = "AOC 04 simple", "AOC 04\simple\simple.vcxproj", "{A1945797-3AB6-428F-0004-000000000002}"
EndProject
Project("{8BC9CEB8-8B4A-11D0-8D11-00A0C91BC942}") = "AOC 04 hard", "AOC 04\hard\hard.vcxproj", "{A1945797-3AB6-428F-0004-000000000003}"
EndProject
Project("{2150E333-8FDC-42A3-9474-1A3956D46DE8}") = "AOC 04 data", "AOC 04 data", "{A1945797-3AB6-428F-0004-000000000004}"
	ProjectSection(SolutionItems) = preProject
		AOC 04\data\hard.txt = AOC 04\data\hard.txt
		AOC 04\data\simple.txt = AOC 04\data\simple.txt
		AOC 04\data\test.txt = AOC 04\data\test.txt
	EndProjectSection
EndProject
Project("{2150E333-8FDC-42A3-9474-1A3956D46DE8}") = "AOC 05", "AOC 05", "{A1945797-3AB6-428F-0005-000000000000}"
EndProject
Project("{8BC9CEB8-8B4A-11D0-8D11-00A0C91BC942}") = "AOC 05 test", "AOC 05\test\test.vcxproj", "{A1945797-3AB6-428F-0005-000000000001}"
EndProject
Project("{8BC9CEB8-8B4A-11D0-8D11-00A0C91BC942}") = "AOC 05 simple", "AOC 05\simple\simple.vcxproj", "{A1945797-3AB6-428F-0005-000000000002}"
EndProject
Project("{8BC9CEB8-8B4A-11D0-8D11-00A0C91BC942}") = "AOC 05 hard", "AOC 05\hard\hard.vcxproj", "{A1945797-3AB6-428F-0005-000000000003}"
EndProject
Project("{2150E333-8FDC-42A3-9474-1A3956D46DE8}") = "AOC 05 data", "AOC 05 data", "{A1945797-3AB6-428F-0005-000000000004}"
	ProjectSection(SolutionItems) = preProject
		AOC 05\data\hard.txt = AOC 05\data\hard.txt
		AOC 05\data\simple.txt = AOC 05\data\simple.txt
		AOC 05\data\test.txt = AOC 05\data\test.txt
	EndProjectSection
EndProject
Project("{2150E333-8FDC-42A3-9474-1A3956D46DE8}") = "AOC 06", "AOC 06", "{A1945797-3AB6-428F-0006-000000000000}"
EndProject
Project("{8BC9CEB8-8B4A-11D0-8D11-00A0C91BC942}") = "AOC 06 test", "AOC 06\test\test.vcxproj", "{A1945797-3AB6-428F-0006-000000000001}"
EndProject
Project("{8BC9CEB8-8B4A-11D0-8D11-00A0C91BC942}") = "AOC 06 simple", "AOC 06\simple\simple.vcxproj", "{A1945797-3AB6-428F-0006-000000000002}"
EndProject
Project("{8BC9CEB8-8B4A-11D0-8D11-00A0C91BC942}") = "AOC 06 hard", "AOC 06\hard\hard.vcxproj", "{A1945797-3AB6-428F-0006-000000000003}"
EndProject
Project("{2150E333-8FDC-42A3-9474-1A3956D46DE8}") = "AOC 06 data", "AOC 06 data", "{A1945797-3AB6-428F-0006-000000000004}"
	ProjectSection(SolutionItems) = preProject
		AOC 06\data\hard.txt = AOC 06\data\hard.txt
		AOC 06\data\simple.txt = AOC 06\data\simple.txt
		AOC 06\data\test.txt = AOC 06\data\test.txt
	EndProjectSection
EndProject
Project("{2150E333-8FDC-42A3-9474-1A3956D46DE8}") = "AOC 07", "AOC 07", "{A1945797-3AB6-428F-0007-000000000000}"
EndProject
Project("{8BC9CEB8-8B4A-11D0-8D11-00A0C91BC942}") = "AOC 07 test", "AOC 07\test\test.vcxproj", "{A1945797-3AB6-428F-0007-000000000001}"
EndProject
Project("{8BC9CEB8-8B4A-11D0-8D11-00A0C91BC942}") = "AOC 07 simple", "AOC 07\simple\simple.vcxproj", "{A1945797-3AB6-428F-0007-000000000002}"
EndProject
Project("{8BC9CEB8-8B4A-11D0-8D11-00A0C91BC942}") = "AOC 07 hard", "AOC 07\hard\hard.vcxproj", "{A1945797-3AB6-428F-0007-000000000003}"
EndProject
Project("{2150E333-8FDC-42A3-9474-1A3956D46DE8}") = "AOC 07 data", "AOC 07 data", "{A1945797-3AB6-428F-0007-000000000004}"
	ProjectSection(SolutionItems) = preProject
		AOC 07\data\hard.txt = AOC 07\data\hard.txt
		AOC 07\data\simple.txt = AOC 07\data\simple.txt
		AOC 07\data\test.txt = AOC 07\data\test.txt
	EndProjectSection
EndProject
Project("{2150E333-8FDC-42A3-9474-1A3956D46DE8}") = "AOC 08", "AOC 08", "{A1945797-3AB6-428F-0008-000000000000}"
EndProject
Project("{8BC9CEB8-8B4A-11D0-8D11-00A0C91BC942}") = "AOC 08 test", "AOC 08\test\test.vcxproj", "{A1945797-3AB6-428F-0008-000000000001}"
EndProject
Project("{8BC9CEB8-8B4A-11D0-8D11-00A0C91BC942}") = "AOC 08 simple", "AOC 08\simple\simple.vcxproj", "{A1945797-3AB6-428F-0008-000000000002}"
EndProject
Project("{8BC9CEB8-8B4A-11D0-8D11-00A0C91BC942}") = "AOC 08 hard", "AOC 08\hard\hard.vcxproj", "{A1945797-3AB6-428F-0008-000000000003}"
EndProject
Project("{2150E333-8FDC-42A3-9474-1A3956D46DE8}") = "AOC 08 data", "AOC 08 data", "{A1945797-3AB6-428F-0008-000000000004}"
	ProjectSection(SolutionItems) = preProject
		AOC 08\data\hard.txt = AOC 08\data\hard.txt
		AOC 08\data\simple.txt = AOC 08\data\simple.txt
		AOC 08\data\test.txt = AOC 08\data\test.txt
	EndProjectSection
EndProject
Project("{2150E333-8FDC-42A3-9474-1A3956D46DE8}") = "AOC 09", "AOC 09", "{A1945797-3AB6-428F-0009-000000000000}"
EndProject
Project("{8BC9CEB8-8B4A-11D0-8D11-00A0C91BC942}") = "AOC 09 test", "AOC 09\test\test.vcxproj", "{A1945797-3AB6-428F-0009-000000000001}"
EndProject
Project("{8BC9CEB8-8B4A-11D0-8D11-00A0C91BC942}") = "AOC 09 simple", "AOC 09\simple\simple.vcxproj", "{A1945797-3AB6-428F-0009-000000000002}"
EndProject
Project("{8BC9CEB8-8B4A-11D0-8D11-00A0C91BC942}") = "AOC 09 hard", "AOC 09\hard\hard.vcxproj", "{A1945797-3AB6-428F-0009-000000000003}"
EndProject
Project("{2150E333-8FDC-42A3-9474-1A3956D46DE8}") = "AOC 09 data", "AOC 09 data", "{A1945797-3AB6-428F-0009-000000000004}"
	ProjectSection(SolutionItems) = preProject
		AOC 09\data\hard.txt = AOC 09\data\hard.txt
		AOC 09\data\simple.txt = AOC 09\data\simple.txt
		AOC 09\data\test.txt = AOC 09\data\test.txt
	EndProjectSection
EndProject
Project("{2150E333-8FDC-42A3-9474-1A3956D46DE8}") = "AOC 10", "AOC 10", "{A1945797-3AB6-428F-0010-000000000000}"
EndProject
Project("{8BC9CEB8-8B4A-11D0-8D11-00A0C91BC942}") = "AOC 10 test", "AOC 10\test\test.vcxproj", "{A1945797-3AB6-428F-0010-000000000001}"
EndProject
Project("{8BC9CEB8-8B4A-11D0-8D11-00A0C91BC942}") = "AOC 10 simple", "AOC 10\simple\simple.vcxproj", "{A1945797-3AB6-428F-0010-000000000002}"
EndProject
Project("{8BC9CEB8-8B4A-11D0-8D11-00A0C91BC942}") = "AOC 10 hard", "AOC 10\hard\hard.vcxproj", "{A1945797-3AB6-428F-0010-000000000003}"
EndProject
Project("{2150E333-8FDC-42A3-9474-1A3956D46DE8}") = "AOC 10 data", "AOC 10 data", "{A1945797-3AB6-428F-0010-000000000004}"
	ProjectSection(SolutionItems) = preProject
		AOC 10\data\hard.txt = AOC 10\data\hard.txt
		AOC 10\data\simple.txt = AOC 10\data\simple.txt
		AOC 10\data\test.txt = AOC 10\data\test.txt
	EndProjectSection
EndProject
Project("{2150E333-8FDC-42A3-9474-1A3956D46DE8}") = "AOC 11", "AOC 11", "{A1945797-3AB6-428F-0011-000000000000}"
EndProject
Project("{8BC9CEB8-8B4A-11D0-8D11-00A0C91BC942}") = "AOC 11 test", "AOC 11\test\test.vcxproj", "{A1945797-3AB6-428F-0011-000000000001}"
EndProject
Project("{8BC9CEB8-8B4A-11D0-8D11-00A0C91BC942}") = "AOC 11 simple", "AOC 11\simple\simple.vcxproj", "{A1945797-3AB6-428F-0011-000000000002}"
EndProject
Project("{8BC9CEB8-8B4A-11D0-8D11-00A0C91BC942}") = "AOC 11 hard", "AOC 11\hard\hard.vcxproj", "{A1945797-3AB6-428F-0011-000000000003}"
EndProject
Project("{2150E333-8FDC-42A3-9474-1A3956D46DE8}") = "AOC 11 data", "AOC 11 data", "{A1945797-3AB6-428F-0011-000000000004}"
	ProjectSection(SolutionItems) = preProject
		AOC 11\data\hard.txt = AOC 11\data\hard.txt
		AOC 11\data\simple.txt = AOC 11\data\simple.txt
		AOC 11\data\test.txt = AOC 11\data\test.txt
	EndProjectSection
EndProject
Project("{2150E333-8FDC-42A3-9474-1A3956D46DE8}") = "AOC 12", "AOC 12", "{A1945797-3AB6-428F-0012-000000000000}"
EndProject
Project("{8BC9CEB8-8B4A-11D0-8D11-00A0C91BC942}") = "AOC 12 test", "AOC 12\test\test.vcxproj", "{A1945797-3AB6-428F-0012-000000000001}"
EndProject
Project("{8BC9CEB8-8B4A-11D0-8D11-00A0C91BC942}") = "AOC 12 simple", "AOC 12\simple\simple.vcxproj", "{A1945797-3AB6-428F-0012-000000000002}"
EndProject
Project("{8BC9CEB8-8B4A-11D0-8D11-00A0C91BC942}") = "AOC 12 hard", "AOC 12\hard\hard.vcxproj", "{A1945797-3AB6-428F-0012-000000000003}"
EndProject
Project("{2150E333-8FDC-42A3-9474-1A3956D46DE8}") = "AOC 12 data", "AOC 12 data", "{A1945797-3AB6-428F-0012-000000000004}"
	ProjectSection(SolutionItems) = preProject
		AOC 12\data\hard.txt = AOC 12\data\hard.txt
		AOC 12\data\simple.txt = AOC 12\data\simple.txt
		AOC 12\data\test.txt = AOC 12\data\test.txt
	EndProjectSection
EndProject
Project("{2150E333-8FDC-42A3-9474-1A3956D46DE8}") = "AOC 13", "AOC 13", "{A1945797-3AB6-428F-0013-000000000000}"
EndProject
Project("{8BC9CEB8-8B4A-11D0-8D11-00A0C91BC942}") = "AOC 13 test", "AOC 13\test\test.vcxproj", "{A1945797-3AB6-428F-0013-000000000001}"
EndProject
Project("{8BC9CEB8-8B4A-11D0-8D11-00A0C91BC942}") = "AOC 13 simple", "AOC 13\simple\simple.vcxproj", "{A1945797-3AB6-428F-0013-000000000002}"
EndProject
Project("{8BC9CEB8-8B4A-11D0-8D11-00A0C91BC942}") = "AOC 13 hard", "AOC 13\hard\hard.vcxproj", "{A1945797-3AB6-428F-0013-000000000003}"
EndProject
Project("{2150E333-8FDC-42A3-9474-1A3956D46DE8}") = "AOC 13 data", "AOC 13 data", "{A1945797-3AB6-428F-0013-000000000004}"
	ProjectSection(SolutionItems) = preProject
		AOC 13\data\hard.txt = AOC 13\data\hard.txt
		AOC 13\data\simple.txt = AOC 13\data\simple.txt
		AOC 13\data\test.txt = AOC 13\data\test.txt
	EndProjectSection
EndProject
Project("{2150E333-8FDC-42A3-9474-1A3956D46DE8}") = "AOC 14", "AOC 14", "{A1945797-3AB6-428F-0014-000000000000}"
EndProject
Project("{8BC9CEB8-8B4A-11D0-8D11-00A0C91BC942}") = "AOC 14 test", "AOC 14\test\test.vcxproj", "{A1945797-3AB6-428F-0014-000000000001}"
EndProject
Project("{8BC9CEB8-8B4A-11D0-8D11-00A0C91BC942}") = "AOC 14 simple", "AOC 14\simple\simple.vcxproj", "{A1945797-3AB6-428F-0014-000000000002}"
EndProject
Project("{8BC9CEB8-8B4A-11D0-8D11-00A0C91BC942}") = "AOC 14 hard", "AOC 14\hard\hard.vcxproj", "{A1945797-3AB6-428F-0014-000000000003}"
EndProject
Project("{2150E333-8FDC-42A3-9474-1A3956D46DE8}") = "AOC 14 data", "AOC 14 data", "{A1945797-3AB6-428F-0014-000000000004}"
	ProjectSection(SolutionItems) = preProject
		AOC 14\data\hard.txt = AOC 14\data\hard.txt
		AOC 14\data\simple.txt = AOC 14\data\simple.txt
		AOC 14\data\test.txt = AOC 14\data\test.txt
	EndProjectSection
EndProject
Project("{2150E333-8FDC-42A3-9474-1A3956D46DE8}") = "AOC 15", "AOC 15", "{A1945797-3AB6-428F-0015-000000000000}"
EndProject
Project("{8BC9CEB8-8B4A-11D0-8D11-00A0C91BC942}") = "AOC 15 test", "AOC 15\test\test.vcxproj", "{A1945797-3AB6-428F-0015-000000000001}"
EndProject
Project("{8BC9CEB8-8B4A-11D0-8D11-00A0C91BC942}") = "AOC 15 simple", "AOC 15\simple\simple.vcxproj", "{A1945797-3AB6-428F-0015-000000000002}"
EndProject
Project("{8BC9CEB8-8B4A-11D0-8D11-00A0C91BC942}") = "AOC 15 hard", "AOC 15\hard\hard.vcxproj", "{A1945797-3AB6-428F-0015-000000000003}"
EndProject
Project("{2150E333-8FDC-42A3-9474-1A3956D46DE8}") = "AOC 15 data", "AOC 15 data", "{A1945797-3AB6-428F-0015-000000000004}"
	ProjectSection(SolutionItems) = preProject
		AOC 15\data\hard.txt = AOC 15\data\hard.txt
		AOC 15\data\simple.txt = AOC 15\data\simple.txt
		AOC 15\data\test.txt = AOC 15\data\test.txt
	EndProjectSection
EndProject
Project("{2150E333-8FDC-42A3-9474-1A3956D46DE8}") = "AOC 16", "AOC 16", "{A1945797-3AB6-428F-0016-000000000000}"
EndProject
Project("{8BC9CEB8-8B4A-11D0-8D11-00A0C91BC942}") = "AOC 16 test", "AOC 16\test\test.vcxproj", "{A1945797-3AB6-428F-0016-000000000001}"
EndProject
Project("{8BC9CEB8-8B4A-11D0-8D11-00A0C91BC942}") = "AOC 16 simple", "AOC 16\simple\simple.vcxproj", "{A1945797-3AB6-428F-0016-000000000002}"
EndProject
Project("{8BC9CEB8-8B4A-11D0-8D11-00A0C91BC942}") = "AOC 16 hard", "AOC 16\hard\hard.vcxproj", "{A1945797-3AB6-428F-0016-000000000003}"
EndProject
Project("{2150E333-8FDC-42A3-9474-1A3956D46DE8}") = "AOC 16 data", "AOC 16 data", "{A1945797-3AB6-428F-0016-000000000004}"
	ProjectSection(SolutionItems) = preProject
		AOC 16\data\hard.txt = AOC 16\data\hard.txt
		AOC 16\data\simple.txt = AOC 16\data\simple.txt
		AOC 16\data\test.txt = AOC 16\data\test.txt
	EndProjectSection
EndProject
Project("{2150E333-8FDC-42A3-9474-1A3956D46DE8}") = "AOC 17", "AOC 17", "{A1945797-3AB6-428F-0017-000000000000}"
EndProject
Project("{8BC9CEB8-8B4A-11D0-8D11-00A0C91BC942}") = "AOC 17 test", "AOC 17\test\test.vcxproj", "{A1945797-3AB6-428F-0017-000000000001}"
EndProject
Project("{8BC9CEB8-8B4A-11D0-8D11-00A0C91BC942}") = "AOC 17 simple", "AOC 17\simple\simple.vcxproj", "{A1945797-3AB6-428F-0017-000000000002}"
EndProject
Project("{8BC9CEB8-8B4A-11D0-8D11-00A0C91BC942}") = "AOC 17 hard", "AOC 17\hard\hard.vcxproj", "{A1945797-3AB6-428F-0017-000000000003}"
EndProject
Project("{2150E333-8FDC-42A3-9474-1A3956D46DE8}") = "AOC 17 data", "AOC 17 data", "{A1945797-3AB6-428F-0017-000000000004}"
	ProjectSection(SolutionItems) = preProject
		AOC 17\data\hard.txt = AOC 17\data\hard.txt
		AOC 17\data\simple.txt = AOC 17\data\simple.txt
		AOC 17\data\test.txt = AOC 17\data\test.txt
	EndProjectSection
EndProject
Project("{2150E333-8FDC-42A3-9474-1A3956D46DE8}") = "AOC 18", "AOC 18", "{A1945797-3AB6-428F-0018-000000000000}"
EndProject
Project("{8BC9CEB8-8B4A-11D0-8D11-00A0C91BC942}") = "AOC 18 test", "AOC 18\test\test.vcxproj", "{A1945797-3AB6-428F-0018-000000000001}"
EndProject
Project("{8BC9CEB8-8B4A-11D0-8D11-00A0C91BC942}") = "AOC 18 simple", "AOC 18\simple\simple.vcxproj", "{A1945797-3AB6-428F-0018-000000000002}"
EndProject
Project("{8BC9CEB8-8B4A-11D0-8D11-00A0C91BC942}") = "AOC 18 hard", "AOC 18\hard\hard.vcxproj", "{A1945797-3AB6-428F-0018-000000000003}"
EndProject
Project("{2150E333-8FDC-42A3-9474-1A3956D46DE8}") = "AOC 18 data", "AOC 18 data", "{A1945797-3AB6-428F-0018-000000000004}"
	ProjectSection(SolutionItems) = preProject
		AOC 18\data\hard.txt = AOC 18\data\hard.txt
		AOC 18\data\simple.txt = AOC 18\data\simple.txt
		AOC 18\data\test.txt = AOC 18\data\test.txt
	EndProjectSection
EndProject
Project("{2150E333-8FDC-42A3-9474-1A3956D46DE8}") = "AOC 19", "AOC 19", "{A1945797-3AB6-428F-0019-000000000000}"
EndProject
Project("{8BC9CEB8-8B4A-11D0-8D11-00A0C91BC942}") = "AOC 19 test", "AOC 19\test\test.vcxproj", "{A1945797-3AB6-428F-0019-000000000001}"
EndProject
Project("{8BC9CEB8-8B4A-11D0-8D11-00A0C91BC942}") = "AOC 19 simple", "AOC 19\simple\simple.vcxproj", "{A1945797-3AB6-428F-0019-000000000002}"
EndProject
Project("{8BC9CEB8-8B4A-11D0-8D11-00A0C91BC942}") = "AOC 19 hard", "AOC 19\hard\hard.vcxproj", "{A1945797-3AB6-428F-0019-000000000003}"
EndProject
Project("{2150E333-8FDC-42A3-9474-1A3956D46DE8}") = "AOC 19 data", "AOC 19 data", "{A1945797-3AB6-428F-0019-000000000004}"
	ProjectSection(SolutionItems) = preProject
		AOC 19\data\hard.txt = AOC 19\data\hard.txt
		AOC 19\data\simple.txt = AOC 19\data\simple.txt
		AOC 19\data\test.txt = AOC 19\data\test.txt
	EndProjectSection
EndProject
Project("{2150E333-8FDC-42A3-9474-1A3956D46DE8}") = "AOC 20", "AOC 20", "{A1945797-3AB6-428F-0020-000000000000}"
EndProject
Project("{8BC9CEB8-8B4A-11D0-8D11-00A0C91BC942}") = "AOC 20 test", "AOC 20\test\test.vcxproj", "{A1945797-3AB6-428F-0020-000000000001}"
EndProject
Project("{8BC9CEB8-8B4A-11D0-8D11-00A0C91BC942}") = "AOC 20 simple", "AOC 20\simple\simple.vcxproj", "{A1945797-3AB6-428F-0020-000000000002}"
EndProject
Project("{8BC9CEB8-8B4A-11D0-8D11-00A0C91BC942}") = "AOC 20 hard", "AOC 20\hard\hard.vcxproj", "{A1945797-3AB6-428F-0020-000000000003}"
EndProject
Project("{2150E333-8FDC-42A3-9474-1A3956D46DE8}") = "AOC 20 data", "AOC 20 data", "{A1945797-3AB6-428F-0020-000000000004}"
	ProjectSection(SolutionItems) = preProject
		AOC 20\data\hard.txt = AOC 20\data\hard.txt
		AOC 20\data\simple.txt = AOC 20\data\simple.txt
		AOC 20\data\test.txt = AOC 20\data\test.txt
	EndProjectSection
EndProject
Project("{2150E333-8FDC-42A3-9474-1A3956D46DE8}") = "AOC 21", "AOC 21", "{A1945797-3AB6-428F-0021-000000000000}"
EndProject
Project("{8BC9CEB8-8B4A-11D0-8D11-00A0C91BC942}") = "AOC 21 test", "AOC 21\test\test.vcxproj", "{A1945797-3AB6-428F-0021-000000000001}"
EndProject
Project("{8BC9CEB8-8B4A-11D0-8D11-00A0C91BC942}") = "AOC 21 simple", "AOC 21\simple\simple.vcxproj", "{A1945797-3AB6-428F-0021-000000000002}"
EndProject
Project("{8BC9CEB8-8B4A-11D0-8D11-00A0C91BC942}") = "AOC 21 hard", "AOC 21\hard\hard.vcxproj", "{A1945797-3AB6-428F-0021-000000000003}"
EndProject
Project("{2150E333-8FDC-42A3-9474-1A3956D46DE8}") = "AOC 21 data", "AOC 21 data", "{A1945797-3AB6-428F-0021-000000000004}"
	ProjectSection(SolutionItems) = preProject
		AOC 21\data\hard.txt = AOC 21\data\hard.txt
		AOC 21\data\simple.txt = AOC 21\data\simple.txt
		AOC 21\data\test.txt = AOC 21\data\test.txt
	EndProjectSection
EndProject
Project("{2150E333-8FDC-42A3-9474-1A3956D46DE8}") = "AOC 22", "AOC 22", "{A1945797-3AB6-428F-0022-000000000000}"
EndProject
Project("{8BC9CEB8-8B4A-11D0-8D11-00A0C91BC942}") = "AOC 22 test", "AOC 22\test\test.vcxproj", "{A1945797-3AB6-428F-0022-000000000001}"
EndProject
Project("{8BC9CEB8-8B4A-11D0-8D11-00A0C91BC942}") = "AOC 22 simple", "AOC 22\simple\simple.vcxproj", "{A1945797-3AB6-428F-0022-000000000002}"
EndProject
Project("{8BC9CEB8-8B4A-11D0-8D11-00A0C91BC942}") = "AOC 22 hard", "AOC 22\hard\hard.vcxproj", "{A1945797-3AB6-428F-0022-000000000003}"
EndProject
Project("{2150E333-8FDC-42A3-9474-1A3956D46DE8}") = "AOC 22 data", "AOC 22 data", "{A1945797-3AB6-428F-0022-000000000004}"
	ProjectSection(SolutionItems) = preProject
		AOC 22\data\hard.txt = AOC 22\data\hard.txt
		AOC 22\data\simple.txt = AOC 22\data\simple.txt
		AOC 22\data\test.txt = AOC 22\data\test.txt
	EndProjectSection
EndProject
Project("{2150E333-8FDC-42A3-9474-1A3956D46DE8}") = "AOC 23", "AOC 23", "{A1945797-3AB6-428F-0023-000000000000}"
EndProject
Project("{8BC9CEB8-8B4A-11D0-8D11-00A0C91BC942}") = "AOC 23 test", "AOC 23\test\test.vcxproj", "{A1945797-3AB6-428F-0023-000000000001}"
EndProject
Project("{8BC9CEB8-8B4A-11D0-8D11-00A0C91BC942}") = "AOC 23 simple", "AOC 23\simple\simple.vcxproj", "{A1945797-3AB6-428F-0023-000000000002}"
EndProject
Project("{8BC9CEB8-8B4A-11D0-8D11-00A0C91BC942}") = "AOC 23 hard", "AOC 23\hard\hard.vcxproj", "{A1945797-3AB6-428F-0023-000000000003}"
EndProject
Project("{2150E333-8FDC-42A3-9474-1A3956D46DE8}") = "AOC 23 data", "AOC 23 data", "{A1945797-3AB6-428F-0023-000000000004}"
	ProjectSection(SolutionItems) = preProject
		AOC 23\data\hard.txt = AOC 23\data\hard.txt
		AOC 23\data\simple.txt = AOC 23\data\simple.txt
		AOC 23\data\test.txt = AOC 23\data\test.txt
	EndProjectSection
EndProject
Project("{2150E333-8FDC-42A3-9474-1A3956D46DE8}") = "AOC 24", "AOC 24", "{A1945797-3AB6-428F-0024-000000000000}"
EndProject
Project("{8BC9CEB8-8B4A-11D0-8D11-00A0C91BC942}") = "AOC 24 test", "AOC 24\test\test.vcxproj", "{A1945797-3AB6-428F-0024-000000000001}"
EndProject
Project("{8BC9CEB8-8B4A-11D0-8D11-00A0C91BC942}") = "AOC 24 simple", "AOC 24\simple\simple.vcxproj", "{A1945797-3AB6-428F-0024-000000000002}"
EndProject
Project("{8BC9CEB8-8B4A-11D0-8D11-00A0C91BC942}") = "AOC 24 hard", "AOC 24\hard\hard.vcxproj", "{A1945797-3AB6-428F-0024-000000000003}"
EndProject
Project("{2150E333-8FDC-42A3-9474-1A3956D46DE8}") = "AOC 24 data", "AOC 24 data", "{A1945797-3AB6-428F-0024-000000000004}"
	ProjectSection(SolutionItems) = preProject
		AOC 24\data\hard.txt = AOC 24\data\hard.txt
		AOC 24\data\simple.txt = AOC 24\data\simple.txt
		AOC 24\data\test.txt = AOC 24\data\test.txt
	EndProjectSection
EndProject
Project("{2150E333-8FDC-42A3-9474-1A3956D46DE8}") = "AOC 25", "AOC 25", "{A1945797-3AB6-428F-0025-000000000000}"
EndProject
Project("{8BC9CEB8-8B4A-11D0-8D11-00A0C91BC942}") = "AOC 25 test", "AOC 25\test\test.vcxproj", "{A1945797-3AB6-428F-0025-000000000001}"
EndProject
Project("{8BC9CEB8-8B4A-11D0-8D11-00A0C91BC942}") = "AOC 25 simple", "AOC 25\simple\simple.vcxproj", "{A1945797-3AB6-428F-0025-000000000002}"
EndProject
Project("{8BC9CEB8-8B4A-11D0-8D11-00A0C91BC942}") = "AOC 25 hard", "AOC 25\hard\hard.vcxproj", "{A1945797-3AB6-428F-0025-000000000003}"
EndProject
Project("{2150E333-8FDC-42A3-9474-1A3956D46DE8}") = "AOC 25 data", "AOC 25 data", "{A1945797-3AB6-428F-0025-000000000004}"
	ProjectSection(SolutionItems) = preProject
		AOC 25\data\hard.txt = AOC 25\data\hard.txt
		AOC 25\data\simple.txt = AOC 25\data\simple.txt
		AOC 25\data\test.txt = AOC 25\data\test.txt
	EndProjectSection
EndProject
Project("{8BC9CEB8-8B4A-11D0-8D11-00A0C91BC942}") = "AOC lib test", "AOC lib test\AOC lib test.vcxproj", "{887B15A3-C4DC-4E31-82B4-43006E571083}"
EndProject
Global
	GlobalSection(SolutionConfigurationPlatforms) = preSolution
		Debug|x64 = Debug|x64
		Debug|x86 = Debug|x86
		Release|x64 = Release|x64
		Release|x86 = Release|x86
	EndGlobalSection
	GlobalSection(ProjectConfigurationPlatforms) = postSolution
		{DF84F0B6-501E-4024-A912-9C0B3C219597}.Debug|x64.ActiveCfg = Debug|x64
		{DF84F0B6-501E-4024-A912-9C0B3C219597}.Debug|x64.Build.0 = Debug|x64
		{DF84F0B6-501E-4024-A912-9C0B3C219597}.Debug|x86.ActiveCfg = Debug|Win32
		{DF84F0B6-501E-4024-A912-9C0B3C219597}.Debug|x86.Build.0 = Debug|Win32
		{DF84F0B6-501E-4024-A912-9C0B3C219597}.Release|x64.ActiveCfg = Release|x64
		{DF84F0B6-501E-4024-A912-9C0B3C219597}.Release|x64.Build.0 = Release|x64
		{DF84F0B6-501E-4024-A912-9C0B3C219597}.Release|x86.ActiveCfg = Release|Win32
		{DF84F0B6-501E-4024-A912-9C0B3C219597}.Release|x86.Build.0 = Release|Win32
		{A1945797-3AB6-428F-0001-000000000001}.Debug|x64.ActiveCfg = Debug|x64
		{A1945797-3AB6-428F-0001-000000000001}.Debug|x64.Build.0 = Debug|x64
		{A1945797-3AB6-428F-0001-000000000001}.Debug|x86.ActiveCfg = Debug|Win32
		{A1945797-3AB6-428F-0001-000000000001}.Debug|x86.Build.0 = Debug|Win32
		{A1945797-3AB6-428F-0001-000000000001}.Release|x64.ActiveCfg = Release|x64
		{A1945797-3AB6-428F-0001-000000000001}.Release|x64.Build.0 = Release|x64
		{A1945797-3AB6-428F-0001-000000000001}.Release|x86.ActiveCfg = Release|Win32
		{A1945797-3AB6-428F-0001-000000000001}.Release|x86.Build.0 = Release|Win32
		{A1945797-3AB6-428F-0001-000000000002}.Debug|x64.ActiveCfg = Debug|x64
		{A1945797-3AB6-428F-0001-000000000002}.Debug|x64.Build.0 = Debug|x64
		{A1945797-3AB6-428F-0001-000000000002}.Debug|x86.ActiveCfg = Debug|Win32
		{A1945797-3AB6-428F-0001-000000000002}.Debug|x86.Build.0 = Debug|Win32
		{A1945797-3AB6-428F-0001-000000000002}.Release|x64.ActiveCfg = Release|x64
		{A1945797-3AB6-428F-0001-000000000002}.Release|x64.Build.0 = Release|x64
		{A1945797-3AB6-428F-0001-000000000002}.Release|x86.ActiveCfg = Release|Win32
		{A1945797-3AB6-428F-0001-000000000002}.Release|x86.Build.0 = Release|Win32
		{A1945797-3AB6-428F-0001-000000000003}.Debug|x64.ActiveCfg = Debug|x64
		{A1945797-3AB6-428F-0001-000000000003}.Debug|x64.Build.0 = Debug|x64
		{A1945797-3AB6-428F-0001-000000000003}.Debug|x86.ActiveCfg = Debug|Win32
		{A1945797-3AB6-428F-0001-000000000003}.Debug|x86.Build.0 = Debug|Win32
		{A1945797-3AB6-428F-0001-000000000003}.Release|x64.ActiveCfg = Release|x64
		{A1945797-3AB6-428F-0001-000000000003}.Release|x64.Build.0 = Release|x64
		{A1945797-3AB6-428F-0001-000000000003}.Release|x86.ActiveCfg = Release|Win32
		{A1945797-3AB6-428F-0001-000000000003}.Release|x86.Build.0 = Release|Win32
		{A1945797-3AB6-428F-0002-000000000001}.Debug|x64.ActiveCfg = Debug|x64
		{A1945797-3AB6-428F-0002-000000000001}.Debug|x64.Build.0 = Debug|x64
		{A1945797-3AB6-428F-0002-000000000001}.Debug|x86.ActiveCfg = Debug|Win32
		{A1945797-3AB6-428F-0002-000000000001}.Debug|x86.Build.0 = Debug|Win32
		{A1945797-3AB6-428F-0002-000000000001}.Release|x64.ActiveCfg = Release|x64
		{A1945797-3AB6-428F-0002-000000000001}.Release|x64.Build.0 = Release|x64
		{A1945797-3AB6-428F-0002-000000000001}.Release|x86.ActiveCfg = Release|Win32
		{A1945797-3AB6-428F-0002-000000000001}.Release|x86.Build.0 = Release|Win32
		{A1945797-3AB6-428F-0002-000000000002}.Debug|x64.ActiveCfg = Debug|x64
		{A1945797-3AB6-428F-0002-000000000002}.Debug|x64.Build.0 = Debug|x64
		{A1945797-3AB6-428F-0002-000000000002}.Debug|x86.ActiveCfg = Debug|Win32
		{A1945797-3AB6-428F-0002-000000000002}.Debug|x86.Build.0 = Debug|Win32
		{A1945797-3AB6-428F-0002-000000000002}.Release|x64.ActiveCfg = Release|x64
		{A1945797-3AB6-428F-0002-000000000002}.Release|x64.Build.0 = Release|x64
		{A1945797-3AB6-428F-0002-000000000002}.Release|x86.ActiveCfg = Release|Win32
		{A1945797-3AB6-428F-0002-000000000002}.Release|x86.Build.0 = Release|Win32
		{A1945797-3AB6-428F-0002-000000000003}.Debug|x64.ActiveCfg = Debug|x64
		{A1945797-3AB6-428F-0002-000000000003}.Debug|x64.Build.0 = Debug|x64
		{A1945797-3AB6-428F-0002-000000000003}.Debug|x86.ActiveCfg = Debug|Win32
		{A1945797-3AB6-428F-0002-000000000003}.Debug|x86.Build.0 = Debug|Win32
		{A1945797-3AB6-428F-0002-000000000003}.Release|x64.ActiveCfg = Release|x64
		{A1945797-3AB6-428F-0002-000000000003}.Release|x64.Build.0 = Release|x64
		{A1945797-3AB6-428F-0002-000000000003}.Release|x86.ActiveCfg = Release|Win32
		{A1945797-3AB6-428F-0002-000000000003}.Release|x86.Build.0 = Release|Win32
		{A1945797-3AB6-428F-0003-000000000001}.Debug|x64.ActiveCfg = Debug|x64
		{A1945797-3AB6-428F-0003-000000000001}.Debug|x64.Build.0 = Debug|x64
		{A1945797-3AB6-428F-0003-000000000001}.Debug|x86.ActiveCfg = Debug|Win32
		{A1945797-3AB6-428F-0003-000000000001}.Debug|x86.Build.0 = Debug|Win32
		{A1945797-3AB6-428F-0003-000000000001}.Release|x64.ActiveCfg = Release|x64
		{A1945797-3AB6-428F-0003-000000000001}.Release|x64.Build.0 = Release|x64
		{A1945797-3AB6-428F-0003-000000000001}.Release|x86.ActiveCfg = Release|Win32
		{A1945797-3AB6-428F-0003-000000000001}.Release|x86.Build.0 = Release|Win32
		{A1945797-3AB6-428F-0003-000000000002}.Debug|x64.ActiveCfg = Debug|x64
		{A1945797-3AB6-428F-0003-000000000002}.Debug|x64.Build.0 = Debug|x64
		{A1945797-3AB6-428F-0003-000000000002}.Debug|x86.ActiveCfg = Debug|Win32
		{A1945797-3AB6-428F-0003-000000000002}.Debug|x86.Build.0 = Debug|Win32
		{A1945797-3AB6-428F-0003-000000000002}.Release|x64.ActiveCfg = Release|x64
		{A1945797-3AB6-428F-0003-000000000002}.Release|x64.Build.0 = Release|x64
		{A1945797-3AB6-428F-0003-000000000002}.Release|x86.ActiveCfg = Release|Win32
		{A1945797-3AB6-428F-0003-000000000002}.Release|x86.Build.0 = Release|Win32
		{A1945797-3AB6-428F-0003-000000000003}.Debug|x64.ActiveCfg = Debug|x64
		{A1945797-3AB6-428F-0003-000000000003}.Debug|x64.Build.0 = Debug|x64
		{A1945797-3AB6-428F-0003-000000000003}.Debug|x86.ActiveCfg = Debug|Win32
		{A1945797-3AB6-428F-0003-000000000003}.Debug|x86.Build.0 = Debug|Win32
		{A1945797-3AB6-428F-0003-000000000003}.Release|x64.ActiveCfg = Release|x64
		{A1945797-3AB6-428F-0003-000000000003}.Release|x64.Build.0 = Release|x64
		{A1945797-3AB6-428F-0003-000000000003}.Release|x86.ActiveCfg = Release|Win32
		{A1945797-3AB6-428F-0003-000000000003}.Release|x86.Build.0 = Release|Win32
		{A1945797-3AB6-428F-0004-000000000001}.Debug|x64.ActiveCfg = Debug|x64
		{A1945797-3AB6-428F-0004-000000000001}.Debug|x64.Build.0 = Debug|x64
		{A1945797-3AB6-428F-0004-000000000001}.Debug|x86.ActiveCfg = Debug|Win32
		{A1945797-3AB6-428F-0004-000000000001}.Debug|x86.Build.0 = Debug|Win32
		{A1945797-3AB6-428F-0004-000000000001}.Release|x64.ActiveCfg = Release|x64
		{A1945797-3AB6-428F-0004-000000000001}.Release|x64.Build.0 = Release|x64
		{A1945797-3AB6-428F-0004-000000000001}.Release|x86.ActiveCfg = Release|Win32
		{A1945797-3AB6-428F-0004-000000000001}.Release|x86.Build.0 = Release|Win32
		{A1945797-3AB6-428F-0004-000000000002}.Debug|x64.ActiveCfg = Debug|x64
		{A1945797-3AB6-428F-0004-000000000002}.Debug|x64.Build.0 = Debug|x64
		{A1945797-3AB6-428F-0004-000000000002}.Debug|x86.ActiveCfg = Debug|Win32
		{A1945797-3AB6-428F-0004-000000000002}.Debug|x86.Build.0 = Debug|Win32
		{A1945797-3AB6-428F-0004-000000000002}.Release|x64.ActiveCfg = Release|x64
		{A1945797-3AB6-428F-0004-000000000002}.Release|x64.Build.0 = Release|x64
		{A1945797-3AB6-428F-0004-000000000002}.Release|x86.ActiveCfg = Release|Win32
		{A1945797-3AB6-428F-0004-000000000002}.Release|x86.Build.0 = Release|Win32
		{A1945797-3AB6-428F-0004-000000000003}.Debug|x64.ActiveCfg = Debug|x64
		{A1945797-3AB6-428F-0004-000000000003}.Debug|x64.Build.0 = Debug|x64
		{A1945797-3AB6-428F-0004-000000000003}.Debug|x86.ActiveCfg = Debug|Win32
		{A1945797-3AB6-428F-0004-000000000003}.Debug|x86.Build.0 = Debug|Win32
		{A1945797-3AB6-428F-0004-000000000003}.Release|x64.ActiveCfg = Release|x64
		{A1945797-3AB6-428F-0004-000000000003}.Release|x64.Build.0 = Release|x64
		{A1945797-3AB6-428F-0004-000000000003}.Release|x86.ActiveCfg = Release|Win32
		{A1945797-3AB6-428F-0004-000000000003}.Release|x86.Build.0 = Release|Win32
		{A1945797-3AB6-428F-0005-000000000001}.Debug|x64.ActiveCfg = Debug|x64
		{A1945797-3AB6-428F-0005-000000000001}.Debug|x64.Build.0 = Debug|x64
		{A1945797-3AB6-428F-0005-000000000001}.Debug|x86.ActiveCfg = Debug|Win32
		{A1945797-3AB6-428F-0005-000000000001}.Debug|x86.Build.0 = Debug|Win32
		{A1945797-3AB6-428F-0005-000000000001}.Release|x64.ActiveCfg = Release|x64
		{A1945797-3AB6-428F-0005-000000000001}.Release|x64.Build.0 = Release|x64
		{A1945797-3AB6-428F-0005-000000000001}.Release|x86.ActiveCfg = Release|Win32
		{A1945797-3AB6-428F-0005-000000000001}.Release|x86.Build.0 = Release|Win32
		{A1945797-3AB6-428F-0005-000000000002}.Debug|x64.ActiveCfg = Debug|x64
		{A1945797-3AB6-428F-0005-000000000002}.Debug|x64.Build.0 = Debug|x64
		{A1945797-3AB6-428F-0005-000000000002}.Debug|x86.ActiveCfg = Debug|Win32
		{A1945797-3AB6-428F-0005-000000000002}.Debug|x86.Build.0 = Debug|Win32
		{A1945797-3AB6-428F-0005-000000000002}.Release|x64.ActiveCfg = Release|x64
		{A1945797-3AB6-428F-0005-000000000002}.Release|x64.Build.0 = Release|x64
		{A1945797-3AB6-428F-0005-000000000002}.Release|x86.ActiveCfg = Release|Win32
		{A1945797-3AB6-428F-0005-000000000002}.Release|x86.Build.0 = Release|Win32
		{A1945797-3AB6-428F-0005-000000000003}.Debug|x64.ActiveCfg = Debug|x64
		{A1945797-3AB6-428F-0005-000000000003}.Debug|x64.Build.0 = Debug|x64
		{A1945797-3AB6-428F-0005-000000000003}.Debug|x86.ActiveCfg = Debug|Win32
		{A1945797-3AB6-428F-0005-000000000003}.Debug|x86.Build.0 = Debug|Win32
		{A1945797-3AB6-428F-0005-000000000003}.Release|x64.ActiveCfg = Release|x64
		{A1945797-3AB6-428F-0005-000000000003}.Release|x64.Build.0 = Release|x64
		{A1945797-3AB6-428F-0005-000000000003}.Release|x86.ActiveCfg = Release|Win32
		{A1945797-3AB6-428F-0005-000000000003}.Release|x86.Build.0 = Release|Win32
		{A1945797-3AB6-428F-0006-000000000001}.Debug|x64.ActiveCfg = Debug|x64
		{A1945797-3AB6-428F-0006-000000000001}.Debug|x64.Build.0 = Debug|x64
		{A1945797-3AB6-428F-0006-000000000001}.Debug|x86.ActiveCfg = Debug|Win32
		{A1945797-3AB6-428F-0006-000000000001}.Debug|x86.Build.0 = Debug|Win32
		{A1945797-3AB6-428F-0006-000000000001}.Release|x64.ActiveCfg = Release|x64
		{A1945797-3AB6-428F-0006-000000000001}.Release|x64.Build.0 = Release|x64
		{A1945797-3AB6-428F-0006-000000000001}.Release|x86.ActiveCfg = Release|Win32
		{A1945797-3AB6-428F-0006-000000000001}.Release|x86.Build.0 = Release|Win32
		{A1945797-3AB6-428F-0006-000000000002}.Debug|x64.ActiveCfg = Debug|x64
		{A1945797-3AB6-428F-0006-000000000002}.Debug|x64.Build.0 = Debug|x64
		{A1945797-3AB6-428F-0006-000000000002}.Debug|x86.ActiveCfg = Debug|Win32
		{A1945797-3AB6-428F-0006-000000000002}.Debug|x86.Build.0 = Debug|Win32
		{A1945797-3AB6-428F-0006-000000000002}.Release|x64.ActiveCfg = Release|x64
		{A1945797-3AB6-428F-0006-000000000002}.Release|x64.Build.0 = Release|x64
		{A1945797-3AB6-428F-0006-000000000002}.Release|x86.ActiveCfg = Release|Win32
		{A1945797-3AB6-428F-0006-000000000002}.Release|x86.Build.0 = Release|Win32
		{A1945797-3AB6-428F-0006-000000000003}.Debug|x64.ActiveCfg = Debug|x64
		{A1945797-3AB6-428F-0006-000000000003}.Debug|x64.Build.0 = Debug|x64
		{A1945797-3AB6-428F-0006-000000000003}.Debug|x86.ActiveCfg = Debug|Win32
		{A1945797-3AB6-428F-0006-000000000003}.Debug|x86.Build.0 = Debug|Win32
		{A1945797-3AB6-428F-0006-000000000003}.Release|x64.ActiveCfg = Release|x64
		{A1945797-3AB6-428F-0006-000000000003}.Release|x64.Build.0 = Release|x64
		{A1945797-3AB6-428F-0006-000000000003}.Release|x86.ActiveCfg = Release|Win32
		{A1945797-3AB6-428F-0006-000000000003}.Release|x86.Build.0 = Release|Win32
		{A1945797-3AB6-428F-0007-000000000001}.Debug|x64.ActiveCfg = Debug|x64
		{A1945797-3AB6-428F-0007-000000000001}.Debug|x64.Build.0 = Debug|x64
		{A1945797-3AB6-428F-0007-000000000001}.Debug|x86.ActiveCfg = Debug|Win32
		{A1945797-3AB6-428F-0007-000000000001}.Debug|x86.Build.0 = Debug|Win32
		{A1945797-3AB6-428F-0007-000000000001}.Release|x64.ActiveCfg = Release|x64
		{A1945797-3AB6-428F-0007-000000000001}.Release|x64.Build.0 = Release|x64
		{A1945797-3AB6-428F-0007-000000000001}.Release|x86.ActiveCfg = Release|Win32
		{A1945797-3AB6-428F-0007-000000000001}.Release|x86.Build.0 = Release|Win32
		{A1945797-3AB6-428F-0007-000000000002}.Debug|x64.ActiveCfg = Debug|x64
		{A1945797-3AB6-428F-0007-000000000002}.Debug|x64.Build.0 = Debug|x64
		{A1945797-3AB6-428F-0007-000000000002}.Debug|x86.ActiveCfg = Debug|Win32
		{A1945797-3AB6-428F-0007-000000000002}.Debug|x86.Build.0 = Debug|Win32
		{A1945797-3AB6-428F-0007-000000000002}.Release|x64.ActiveCfg = Release|x64
		{A1945797-3AB6-428F-0007-000000000002}.Release|x64.Build.0 = Release|x64
		{A1945797-3AB6-428F-0007-000000000002}.Release|x86.ActiveCfg = Release|Win32
		{A1945797-3AB6-428F-0007-000000000002}.Release|x86.Build.0 = Release|Win32
		{A1945797-3AB6-428F-0007-000000000003}.Debug|x64.ActiveCfg = Debug|x64
		{A1945797-3AB6-428F-0007-000000000003}.Debug|x64.Build.0 = Debug|x64
		{A1945797-3AB6-428F-0007-000000000003}.Debug|x86.ActiveCfg = Debug|Win32
		{A1945797-3AB6-428F-0007-000000000003}.Debug|x86.Build.0 = Debug|Win32
		{A1945797-3AB6-428F-0007-000000000003}.Release|x64.ActiveCfg = Release|x64
		{A1945797-3AB6-428F-0007-000000000003}.Release|x64.Build.0 = Release|x64
		{A1945797-3AB6-428F-0007-000000000003}.Release|x86.ActiveCfg = Release|Win32
		{A1945797-3AB6-428F-0007-000000000003}.Release|x86.Build.0 = Release|Win32
		{A1945797-3AB6-428F-0008-000000000001}.Debug|x64.ActiveCfg = Debug|x64
		{A1945797-3AB6-428F-0008-000000000001}.Debug|x64.Build.0 = Debug|x64
		{A1945797-3AB6-428F-0008-000000000001}.Debug|x86.ActiveCfg = Debug|Win32
		{A1945797-3AB6-428F-0008-000000000001}.Debug|x86.Build.0 = Debug|Win32
		{A1945797-3AB6-428F-0008-000000000001}.Release|x64.ActiveCfg = Release|x64
		{A1945797-3AB6-428F-0008-000000000001}.Release|x64.Build.0 = Release|x64
		{A1945797-3AB6-428F-0008-000000000001}.Release|x86.ActiveCfg = Release|Win32
		{A1945797-3AB6-428F-0008-000000000001}.Release|x86.Build.0 = Release|Win32
		{A1945797-3AB6-428F-0008-000000000002}.Debug|x64.ActiveCfg = Debug|x64
		{A1945797-3AB6-428F-0008-000000000002}.Debug|x64.Build.0 = Debug|x64
		{A1945797-3AB6-428F-0008-000000000002}.Debug|x86.ActiveCfg = Debug|Win32
		{A1945797-3AB6-428F-0008-000000000002}.Debug|x86.Build.0 = Debug|Win32
		{A1945797-3AB6-428F-0008-000000000002}.Release|x64.ActiveCfg = Release|x64
		{A1945797-3AB6-428F-0008-000000000002}.Release|x64.Build.0 = Release|x64
		{A1945797-3AB6-428F-0008-000000000002}.Release|x86.ActiveCfg = Release|Win32
		{A1945797-3AB6-428F-0008-000000000002}.Release|x86.Build.0 = Release|Win32
		{A1945797-3AB6-428F-0008-000000000003}.Debug|x64.ActiveCfg = Debug|x64
		{A1945797-3AB6-428F-0008-000000000003}.Debug|x64.Build.0 = Debug|x64
		{A1945797-3AB6-428F-0008-000000000003}.Debug|x86.ActiveCfg = Debug|Win32
		{A1945797-3AB6-428F-0008-000000000003}.Debug|x86.Build.0 = Debug|Win32
		{A1945797-3AB6-428F-0008-000000000003}.Release|x64.ActiveCfg = Release|x64
		{A1945797-3AB6-428F-0008-000000000003}.Release|x64.Build.0 = Release|x64
		{A1945797-3AB6-428F-0008-000000000003}.Release|x86.ActiveCfg = Release|Win32
		{A1945797-3AB6-428F-0008-000000000003}.Release|x86.Build.0 = Release|Win32
		{A1945797-3AB6-428F-0009-000000000001}.Debug|x64.ActiveCfg = Debug|x64
		{A1945797-3AB6-428F-0009-000000000001}.Debug|x64.Build.0 = Debug|x64
		{A1945797-3AB6-428F-0009-000000000001}.Debug|x86.ActiveCfg = Debug|Win32
		{A1945797-3AB6-428F-0009-000000000001}.Debug|x86.Build.0 = Debug|Win32
		{A1945797-3AB6-428F-0009-000000000001}.Release|x64.ActiveCfg = Release|x64
		{A1945797-3AB6-428F-0009-000000000001}.Release|x64.Build.0 = Release|x64
		{A1945797-3AB6-428F-0009-000000000001}.Release|x86.ActiveCfg = Release|Win32
		{A1945797-3AB6-428F-0009-000000000001}.Release|x86.Build.0 = Release|Win32
		{A1945797-3AB6-428F-0009-000000000002}.Debug|x64.ActiveCfg = Debug|x64
		{A1945797-3AB6-428F-0009-000000000002}.Debug|x64.Build.0 = Debug|x64
		{A1945797-3AB6-428F-0009-000000000002}.Debug|x86.ActiveCfg = Debug|Win32
		{A1945797-3AB6-428F-0009-000000000002}.Debug|x86.Build.0 = Debug|Win32
		{A1945797-3AB6-428F-0009-000000000002}.Release|x64.ActiveCfg = Release|x64
		{A1945797-3AB6-428F-0009-000000000002}.Release|x64.Build.0 = Release|x64
		{A1945797-3AB6-428F-0009-000000000002}.Release|x86.ActiveCfg = Release|Win32
		{A1945797-3AB6-428F-0009-000000000002}.Release|x86.Build.0 = Release|Win32
		{A1945797-3AB6-428F-0009-000000000003}.Debug|x64.ActiveCfg = Debug|x64
		{A1945797-3AB6-428F-0009-000000000003}.Debug|x64.Build.0 = Debug|x64
		{A1945797-3AB6-428F-0009-000000000003}.Debug|x86.ActiveCfg = Debug|Win32
		{A1945797-3AB6-428F-0009-000000000003}.Debug|x86.Build.0 = Debug|Win32
		{A1945797-3AB6-428F-0009-000000000003}.Release|x64.ActiveCfg = Release|x64
		{A1945797-3AB6-428F-0009-000000000003}.Release|x64.Build.0 = Release|x64
		{A1945797-3AB6-428F-0009-000000000003}.Release|x86.ActiveCfg = Release|Win32
		{A1945797-3AB6-428F-0009-000000000003}.Release|x86.Build.0 = Release|Win32
		{A1945797-3AB6-428F-0010-000000000001}.Debug|x64.ActiveCfg = Debug|x64
		{A1945797-3AB6-428F-0010-000000000001}.Debug|x64.Build.0 = Debug|x64
		{A1945797-3AB6-428F-0010-000000000001}.Debug|x86.ActiveCfg = Debug|Win32
		{A1945797-3AB6-428F-0010-000000000001}.Debug|x86.Build.0 = Debug|Win32
		{A1945797-3AB6-428F-0010-000000000001}.Release|x64.ActiveCfg = Release|x64
		{A1945797-3AB6-428F-0010-000000000001}.Release|x64.Build.0 = Release|x64
		{A1945797-3AB6-428F-0010-000000000001}.Release|x86.ActiveCfg = Release|Win32
		{A1945797-3AB6-428F-0010-000000000001}.Release|x86.Build.0 = Release|Win32
		{A1945797-3AB6-428F-0010-000000000002}.Debug|x64.ActiveCfg = Debug|x64
		{A1945797-3AB6-428F-0010-000000000002}.Debug|x64.Build.0 = Debug|x64
		{A1945797-3AB6-428F-0010-000000000002}.Debug|x86.ActiveCfg = Debug|Win32
		{A1945797-3AB6-428F-0010-000000000002}.Debug|x86.Build.0 = Debug|Win32
		{A1945797-3AB6-428F-0010-000000000002}.Release|x64.ActiveCfg = Release|x64
		{A1945797-3AB6-428F-0010-000000000002}.Release|x64.Build.0 = Release|x64
		{A1945797-3AB6-428F-0010-000000000002}.Release|x86.ActiveCfg = Release|Win32
		{A1945797-3AB6-428F-0010-000000000002}.Release|x86.Build.0 = Release|Win32
		{A1945797-3AB6-428F-0010-000000000003}.Debug|x64.ActiveCfg = Debug|x64
		{A1945797-3AB6-428F-0010-000000000003}.Debug|x64.Build.0 = Debug|x64
		{A1945797-3AB6-428F-0010-000000000003}.Debug|x86.ActiveCfg = Debug|Win32
		{A1945797-3AB6-428F-0010-000000000003}.Debug|x86.Build.0 = Debug|Win32
		{A1945797-3AB6-428F-0010-000000000003}.Release|x64.ActiveCfg = Release|x64
		{A1945797-3AB6-428F-0010-000000000003}.Release|x64.Build.0 = Release|x64
		{A1945797-3AB6-428F-0010-000000000003}.Release|x86.ActiveCfg = Release|Win32
		{A1945797-3AB6-428F-0010-000000000003}.Release|x86.Build.0 = Release|Win32
		{A1945797-3AB6-428F-0011-000000000001}.Debug|x64.ActiveCfg = Debug|x64
		{A1945797-3AB6-428F-0011-000000000001}.Debug|x64.Build.0 = Debug|x64
		{A1945797-3AB6-428F-0011-000000000001}.Debug|x86.ActiveCfg = Debug|Win32
		{A1945797-3AB6-428F-0011-000000000001}.Debug|x86.Build.0 = Debug|Win32
		{A1945797-3AB6-428F-0011-000000000001}.Release|x64.ActiveCfg = Release|x64
		{A1945797-3AB6-428F-0011-000000000001}.Release|x64.Build.0 = Release|x64
		{A1945797-3AB6-428F-0011-000000000001}.Release|x86.ActiveCfg = Release|Win32
		{A1945797-3AB6-428F-0011-000000000001}.Release|x86.Build.0 = Release|Win32
		{A1945797-3AB6-428F-0011-000000000002}.Debug|x64.ActiveCfg = Debug|x64
		{A1945797-3AB6-428F-0011-000000000002}.Debug|x64.Build.0 = Debug|x64
		{A1945797-3AB6-428F-0011-000000000002}.Debug|x86.ActiveCfg = Debug|Win32
		{A1945797-3AB6-428F-0011-000000000002}.Debug|x86.Build.0 = Debug|Win32
		{A1945797-3AB6-428F-0011-000000000002}.Release|x64.ActiveCfg = Release|x64
		{A1945797-3AB6-428F-0011-000000000002}.Release|x64.Build.0 = Release|x64
		{A1945797-3AB6-428F-0011-000000000002}.Release|x86.ActiveCfg = Release|Win32
		{A1945797-3AB6-428F-0011-000000000002}.Release|x86.Build.0 = Release|Win32
		{A1945797-3AB6-428F-0011-000000000003}.Debug|x64.ActiveCfg = Debug|x64
		{A1945797-3AB6-428F-0011-000000000003}.Debug|x64.Build.0 = Debug|x64
		{A1945797-3AB6-428F-0011-000000000003}.Debug|x86.ActiveCfg = Debug|Win32
		{A1945797-3AB6-428F-0011-000000000003}.Debug|x86.Build.0 = Debug|Win32
		{A1945797-3AB6-428F-0011-000000000003}.Release|x64.ActiveCfg = Release|x64
		{A1945797-3AB6-428F-0011-000000000003}.Release|x64.Build.0 = Release|x64
		{A1945797-3AB6-428F-0011-000000000003}.Release|x86.ActiveCfg = Release|Win32
		{A1945797-3AB6-428F-0011-000000000003}.Release|x86.Build.0 = Release|Win32
		{A1945797-3AB6-428F-0012-000000000001}.Debug|x64.ActiveCfg = Debug|x64
		{A1945797-3AB6-428F-0012-000000000001}.Debug|x64.Build.0 = Debug|x64
		{A1945797-3AB6-428F-0012-000000000001}.Debug|x86.ActiveCfg = Debug|Win32
		{A1945797-3AB6-428F-0012-000000000001}.Debug|x86.Build.0 = Debug|Win32
		{A1945797-3AB6-428F-0012-000000000001}.Release|x64.ActiveCfg = Release|x64
		{A1945797-3AB6-428F-0012-000000000001}.Release|x64.Build.0 = Release|x64
		{A1945797-3AB6-428F-0012-000000000001}.Release|x86.ActiveCfg = Release|Win32
		{A1945797-3AB6-428F-0012-000000000001}.Release|x86.Build.0 = Release|Win32
		{A1945797-3AB6-428F-0012-000000000002}.Debug|x64.ActiveCfg = Debug|x64
		{A1945797-3AB6-428F-0012-000000000002}.Debug|x64.Build.0 = Debug|x64
		{A1945797-3AB6-428F-0012-000000000002}.Debug|x86.ActiveCfg = Debug|Win32
		{A1945797-3AB6-428F-0012-000000000002}.Debug|x86.Build.0 = Debug|Win32
		{A1945797-3AB6-428F-0012-000000000002}.Release|x64.ActiveCfg = Release|x64
		{A1945797-3AB6-428F-0012-000000000002}.Release|x64.Build.0 = Release|x64
		{A1945797-3AB6-428F-0012-000000000002}.Release|x86.ActiveCfg = Release|Win32
		{A1945797-3AB6-428F-0012-000000000002}.Release|x86.Build.0 = Release|Win32
		{A1945797-3AB6-428F-0012-000000000003}.Debug|x64.ActiveCfg = Debug|x64
		{A1945797-3AB6-428F-0012-000000000003}.Debug|x64.Build.0 = Debug|x64
		{A1945797-3AB6-428F-0012-000000000003}.Debug|x86.ActiveCfg = Debug|Win32
		{A1945797-3AB6-428F-0012-000000000003}.Debug|x86.Build.0 = Debug|Win32
		{A1945797-3AB6-428F-0012-000000000003}.Release|x64.ActiveCfg = Release|x64
		{A1945797-3AB6-428F-0012-000000000003}.Release|x64.Build.0 = Release|x64
		{A1945797-3AB6-428F-0012-000000000003}.Release|x86.ActiveCfg = Release|Win32
		{A1945797-3AB6-428F-0012-000000000003}.Release|x86.Build.0 = Release|Win32
		{A1945797-3AB6-428F-0013-000000000001}.Debug|x64.ActiveCfg = Debug|x64
		{A1945797-3AB6-428F-0013-000000000001}.Debug|x64.Build.0 = Debug|x64
		{A1945797-3AB6-428F-0013-000000000001}.Debug|x86.ActiveCfg = Debug|Win32
		{A1945797-3AB6-428F-0013-000000000001}.Debug|x86.Build.0 = Debug|Win32
		{A1945797-3AB6-428F-0013-000000000001}.Release|x64.ActiveCfg = Release|x64
		{A1945797-3AB6-428F-0013-000000000001}.Release|x64.Build.0 = Release|x64
		{A1945797-3AB6-428F-0013-000000000001}.Release|x86.ActiveCfg = Release|Win32
		{A1945797-3AB6-428F-0013-000000000001}.Release|x86.Build.0 = Release|Win32
		{A1945797-3AB6-428F-0013-000000000002}.Debug|x64.ActiveCfg = Debug|x64
		{A1945797-3AB6-428F-0013-000000000002}.Debug|x64.Build.0 = Debug|x64
		{A1945797-3AB6-428F-0013-000000000002}.Debug|x86.ActiveCfg = Debug|Win32
		{A1945797-3AB6-428F-0013-000000000002}.Debug|x86.Build.0 = Debug|Win32
		{A1945797-3AB6-428F-0013-000000000002}.Release|x64.ActiveCfg = Release|x64
		{A1945797-3AB6-428F-0013-000000000002}.Release|x64.Build.0 = Release|x64
		{A1945797-3AB6-428F-0013-000000000002}.Release|x86.ActiveCfg = Release|Win32
		{A1945797-3AB6-428F-0013-000000000002}.Release|x86.Build.0 = Release|Win32
		{A1945797-3AB6-428F-0013-000000000003}.Debug|x64.ActiveCfg = Debug|x64
		{A1945797-3AB6-428F-0013-000000000003}.Debug|x64.Build.0 = Debug|x64
		{A1945797-3AB6-428F-0013-000000000003}.Debug|x86.ActiveCfg = Debug|Win32
		{A1945797-3AB6-428F-0013-000000000003}.Debug|x86.Build.0 = Debug|Win32
		{A1945797-3AB6-428F-0013-000000000003}.Release|x64.ActiveCfg = Release|x64
		{A1945797-3AB6-428F-0013-000000000003}.Release|x64.Build.0 = Release|x64
		{A1945797-3AB6-428F-0013-000000000003}.Release|x86.ActiveCfg = Release|Win32
		{A1945797-3AB6-428F-0013-000000000003}.Release|x86.Build.0 = Release|Win32
		{A1945797-3AB6-428F-0014-000000000001}.Debug|x64.ActiveCfg = Debug|x64
		{A1945797-3AB6-428F-0014-000000000001}.Debug|x64.Build.0 = Debug|x64
		{A1945797-3AB6-428F-0014-000000000001}.Debug|x86.ActiveCfg = Debug|Win32
		{A1945797-3AB6-428F-0014-000000000001}.Debug|x86.Build.0 = Debug|Win32
		{A1945797-3AB6-428F-0014-000000000001}.Release|x64.ActiveCfg = Release|x64
		{A1945797-3AB6-428F-0014-000000000001}.Release|x64.Build.0 = Release|x64
		{A1945797-3AB6-428F-0014-000000000001}.Release|x86.ActiveCfg = Release|Win32
		{A1945797-3AB6-428F-0014-000000000001}.Release|x86.Build.0 = Release|Win32
		{A1945797-3AB6-428F-0014-000000000002}.Debug|x64.ActiveCfg = Debug|x64
		{A1945797-3AB6-428F-0014-000000000002}.Debug|x64.Build.0 = Debug|x64
		{A1945797-3AB6-428F-0014-000000000002}.Debug|x86.ActiveCfg = Debug|Win32
		{A1945797-3AB6-428F-0014-000000000002}.Debug|x86.Build.0 = Debug|Win32
		{A1945797-3AB6-428F-0014-000000000002}.Release|x64.ActiveCfg = Release|x64
		{A1945797-3AB6-428F-0014-000000000002}.Release|x64.Build.0 = Release|x64
		{A1945797-3AB6-428F-0014-000000000002}.Release|x86.ActiveCfg = Release|Win32
		{A1945797-3AB6-428F-0014-000000000002}.Release|x86.Build.0 = Release|Win32
		{A1945797-3AB6-428F-0014-000000000003}.Debug|x64.ActiveCfg = Debug|x64
		{A1945797-3AB6-428F-0014-000000000003}.Debug|x64.Build.0 = Debug|x64
		{A1945797-3AB6-428F-0014-000000000003}.Debug|x86.ActiveCfg = Debug|Win32
		{A1945797-3AB6-428F-0014-000000000003}.Debug|x86.Build.0 = Debug|Win32
		{A1945797-3AB6-428F-0014-000000000003}.Release|x64.ActiveCfg = Release|x64
		{A1945797-3AB6-428F-0014-000000000003}.Release|x64.Build.0 = Release|x64
		{A1945797-3AB6-428F-0014-000000000003}.Release|x86.ActiveCfg = Release|Win32
		{A1945797-3AB6-428F-0014-000000000003}.Release|x86.Build.0 = Release|Win32
		{A1945797-3AB6-428F-0015-000000000001}.Debug|x64.ActiveCfg = Debug|x64
		{A1945797-3AB6-428F-0015-000000000001}.Debug|x64.Build.0 = Debug|x64
		{A1945797-3AB6-428F-0015-000000000001}.Debug|x86.ActiveCfg = Debug|Win32
		{A1945797-3AB6-428F-0015-000000000001}.Debug|x86.Build.0 = Debug|Win32
		{A1945797-3AB6-428F-0015-000000000001}.Release|x64.ActiveCfg = Release|x64
		{A1945797-3AB6-428F-0015-000000000001}.Release|x64.Build.0 = Release|x64
		{A1945797-3AB6-428F-0015-000000000001}.Release|x86.ActiveCfg = Release|Win32
		{A1945797-3AB6-428F-0015-000000000001}.Release|x86.Build.0 = Release|Win32
		{A1945797-3AB6-428F-0015-000000000002}.Debug|x64.ActiveCfg = Debug|x64
		{A1945797-3AB6-428F-0015-000000000002}.Debug|x64.Build.0 = Debug|x64
		{A1945797-3AB6-428F-0015-000000000002}.Debug|x86.ActiveCfg = Debug|Win32
		{A1945797-3AB6-428F-0015-000000000002}.Debug|x86.Build.0 = Debug|Win32
		{A1945797-3AB6-428F-0015-000000000002}.Release|x64.ActiveCfg = Release|x64
		{A1945797-3AB6-428F-0015-000000000002}.Release|x64.Build.0 = Release|x64
		{A1945797-3AB6-428F-0015-000000000002}.Release|x86.ActiveCfg = Release|Win32
		{A1945797-3AB6-428F-0015-000000000002}.Release|x86.Build.0 = Release|Win32
		{A1945797-3AB6-428F-0015-000000000003}.Debug|x64.ActiveCfg = Debug|x64
		{A1945797-3AB6-428F-0015-000000000003}.Debug|x64.Build.0 = Debug|x64
		{A1945797-3AB6-428F-0015-000000000003}.Debug|x86.ActiveCfg = Debug|Win32
		{A1945797-3AB6-428F-0015-000000000003}.Debug|x86.Build.0 = Debug|Win32
		{A1945797-3AB6-428F-0015-000000000003}.Release|x64.ActiveCfg = Release|x64
		{A1945797-3AB6-428F-0015-000000000003}.Release|x64.Build.0 = Release|x64
		{A1945797-3AB6-428F-0015-000000000003}.Release|x86.ActiveCfg = Release|Win32
		{A1945797-3AB6-428F-0015-000000000003}.Release|x86.Build.0 = Release|Win32
		{A1945797-3AB6-428F-0016-000000000001}.Debug|x64.ActiveCfg = Debug|x64
		{A1945797-3AB6-428F-0016-000000000001}.Debug|x64.Build.0 = Debug|x64
		{A1945797-3AB6-428F-0016-000000000001}.Debug|x86.ActiveCfg = Debug|Win32
		{A1945797-3AB6-428F-0016-000000000001}.Debug|x86.Build.0 = Debug|Win32
		{A1945797-3AB6-428F-0016-000000000001}.Release|x64.ActiveCfg = Release|x64
		{A1945797-3AB6-428F-0016-000000000001}.Release|x64.Build.0 = Release|x64
		{A1945797-3AB6-428F-0016-000000000001}.Release|x86.ActiveCfg = Release|Win32
		{A1945797-3AB6-428F-0016-000000000001}.Release|x86.Build.0 = Release|Win32
		{A1945797-3AB6-428F-0016-000000000002}.Debug|x64.ActiveCfg = Debug|x64
		{A1945797-3AB6-428F-0016-000000000002}.Debug|x64.Build.0 = Debug|x64
		{A1945797-3AB6-428F-0016-000000000002}.Debug|x86.ActiveCfg = Debug|Win32
		{A1945797-3AB6-428F-0016-000000000002}.Debug|x86.Build.0 = Debug|Win32
		{A1945797-3AB6-428F-0016-000000000002}.Release|x64.ActiveCfg = Release|x64
		{A1945797-3AB6-428F-0016-000000000002}.Release|x64.Build.0 = Release|x64
		{A1945797-3AB6-428F-0016-000000000002}.Release|x86.ActiveCfg = Release|Win32
		{A1945797-3AB6-428F-0016-000000000002}.Release|x86.Build.0 = Release|Win32
		{A1945797-3AB6-428F-0016-000000000003}.Debug|x64.ActiveCfg = Debug|x64
		{A1945797-3AB6-428F-0016-000000000003}.Debug|x64.Build.0 = Debug|x64
		{A1945797-3AB6-428F-0016-000000000003}.Debug|x86.ActiveCfg = Debug|Win32
		{A1945797-3AB6-428F-0016-000000000003}.Debug|x86.Build.0 = Debug|Win32
		{A1945797-3AB6-428F-0016-000000000003}.Release|x64.ActiveCfg = Release|x64
		{A1945797-3AB6-428F-0016-000000000003}.Release|x64.Build.0 = Release|x64
		{A1945797-3AB6-428F-0016-000000000003}.Release|x86.ActiveCfg = Release|Win32
		{A1945797-3AB6-428F-0016-000000000003}.Release|x86.Build.0 = Release|Win32
		{A1945797-3AB6-428F-0017-000000000001}.Debug|x64.ActiveCfg = Debug|x64
		{A1945797-3AB6-428F-0017-000000000001}.Debug|x64.Build.0 = Debug|x64
		{A1945797-3AB6-428F-0017-000000000001}.Debug|x86.ActiveCfg = Debug|Win32
		{A1945797-3AB6-428F-0017-000000000001}.Debug|x86.Build.0 = Debug|Win32
		{A1945797-3AB6-428F-0017-000000000001}.Release|x64.ActiveCfg = Release|x64
		{A1945797-3AB6-428F-0017-000000000001}.Release|x64.Build.0 = Release|x64
		{A1945797-3AB6-428F-0017-000000000001}.Release|x86.ActiveCfg = Release|Win32
		{A1945797-3AB6-428F-0017-000000000001}.Release|x86.Build.0 = Release|Win32
		{A1945797-3AB6-428F-0017-000000000002}.Debug|x64.ActiveCfg = Debug|x64
		{A1945797-3AB6-428F-0017-000000000002}.Debug|x64.Build.0 = Debug|x64
		{A1945797-3AB6-428F-0017-000000000002}.Debug|x86.ActiveCfg = Debug|Win32
		{A1945797-3AB6-428F-0017-000000000002}.Debug|x86.Build.0 = Debug|Win32
		{A1945797-3AB6-428F-0017-000000000002}.Release|x64.ActiveCfg = Release|x64
		{A1945797-3AB6-428F-0017-000000000002}.Release|x64.Build.0 = Release|x64
		{A1945797-3AB6-428F-0017-000000000002}.Release|x86.ActiveCfg = Release|Win32
		{A1945797-3AB6-428F-0017-000000000002}.Release|x86.Build.0 = Release|Win32
		{A1945797-3AB6-428F-0017-000000000003}.Debug|x64.ActiveCfg = Debug|x64
		{A1945797-3AB6-428F-0017-000000000003}.Debug|x64.Build.0 = Debug|x64
		{A1945797-3AB6-428F-0017-000000000003}.Debug|x86.ActiveCfg = Debug|Win32
		{A1945797-3AB6-428F-0017-000000000003}.Debug|x86.Build.0 = Debug|Win32
		{A1945797-3AB6-428F-0017-000000000003}.Release|x64.ActiveCfg = Release|x64
		{A1945797-3AB6-428F-0017-000000000003}.Release|x64.Build.0 = Release|x64
		{A1945797-3AB6-428F-0017-000000000003}.Release|x86.ActiveCfg = Release|Win32
		{A1945797-3AB6-428F-0017-000000000003}.Release|x86.Build.0 = Release|Win32
		{A1945797-3AB6-428F-0018-000000000001}.Debug|x64.ActiveCfg = Debug|x64
		{A1945797-3AB6-428F-0018-000000000001}.Debug|x64.Build.0 = Debug|x64
		{A1945797-3AB6-428F-0018-000000000001}.Debug|x86.ActiveCfg = Debug|Win32
		{A1945797-3AB6-428F-0018-000000000001}.Debug|x86.Build.0 = Debug|Win32
		{A1945797-3AB6-428F-0018-000000000001}.Release|x64.ActiveCfg = Release|x64
		{A1945797-3AB6-428F-0018-000000000001}.Release|x64.Build.0 = Release|x64
		{A1945797-3AB6-428F-0018-000000000001}.Release|x86.ActiveCfg = Release|Win32
		{A1945797-3AB6-428F-0018-000000000001}.Release|x86.Build.0 = Release|Win32
		{A1945797-3AB6-428F-0018-000000000002}.Debug|x64.ActiveCfg = Debug|x64
		{A1945797-3AB6-428F-0018-000000000002}.Debug|x64.Build.0 = Debug|x64
		{A1945797-3AB6-428F-0018-000000000002}.Debug|x86.ActiveCfg = Debug|Win32
		{A1945797-3AB6-428F-0018-000000000002}.Debug|x86.Build.0 = Debug|Win32
		{A1945797-3AB6-428F-0018-000000000002}.Release|x64.ActiveCfg = Release|x64
		{A1945797-3AB6-428F-0018-000000000002}.Release|x64.Build.0 = Release|x64
		{A1945797-3AB6-428F-0018-000000000002}.Release|x86.ActiveCfg = Release|Win32
		{A1945797-3AB6-428F-0018-000000000002}.Release|x86.Build.0 = Release|Win32
		{A1945797-3AB6-428F-0018-000000000003}.Debug|x64.ActiveCfg = Debug|x64
		{A1945797-3AB6-428F-0018-000000000003}.Debug|x64.Build.0 = Debug|x64
		{A1945797-3AB6-428F-0018-000000000003}.Debug|x86.ActiveCfg = Debug|Win32
		{A1945797-3AB6-428F-0018-000000000003}.Debug|x86.Build.0 = Debug|Win32
		{A1945797-3AB6-428F-0018-000000000003}.Release|x64.ActiveCfg = Release|x64
		{A1945797-3AB6-428F-0018-000000000003}.Release|x64.Build.0 = Release|x64
		{A1945797-3AB6-428F-0018-000000000003}.Release|x86.ActiveCfg = Release|Win32
		{A1945797-3AB6-428F-0018-000000000003}.Release|x86.Build.0 = Release|Win32
		{A1945797-3AB6-428F-0019-000000000001}.Debug|x64.ActiveCfg = Debug|x64
		{A1945797-3AB6-428F-0019-000000000001}.Debug|x64.Build.0 = Debug|x64
		{A1945797-3AB6-428F-0019-000000000001}.Debug|x86.ActiveCfg = Debug|Win32
		{A1945797-3AB6-428F-0019-000000000001}.Debug|x86.Build.0 = Debug|Win32
		{A1945797-3AB6-428F-0019-000000000001}.Release|x64.ActiveCfg = Release|x64
		{A1945797-3AB6-428F-0019-000000000001}.Release|x64.Build.0 = Release|x64
		{A1945797-3AB6-428F-0019-000000000001}.Release|x86.ActiveCfg = Release|Win32
		{A1945797-3AB6-428F-0019-000000000001}.Release|x86.Build.0 = Release|Win32
		{A1945797-3AB6-428F-0019-000000000002}.Debug|x64.ActiveCfg = Debug|x64
		{A1945797-3AB6-428F-0019-000000000002}.Debug|x64.Build.0 = Debug|x64
		{A1945797-3AB6-428F-0019-000000000002}.Debug|x86.ActiveCfg = Debug|Win32
		{A1945797-3AB6-428F-0019-000000000002}.Debug|x86.Build.0 = Debug|Win32
		{A1945797-3AB6-428F-0019-000000000002}.Release|x64.ActiveCfg = Release|x64
		{A1945797-3AB6-428F-0019-000000000002}.Release|x64.Build.0 = Release|x64
		{A1945797-3AB6-428F-0019-000000000002}.Release|x86.ActiveCfg = Release|Win32
		{A1945797-3AB6-428F-0019-000000000002}.Release|x86.Build.0 = Release|Win32
		{A1945797-3AB6-428F-0019-000000000003}.Debug|x64.ActiveCfg = Debug|x64
		{A1945797-3AB6-428F-0019-000000000003}.Debug|x64.Build.0 = Debug|x64
		{A1945797-3AB6-428F-0019-000000000003}.Debug|x86.ActiveCfg = Debug|Win32
		{A1945797-3AB6-428F-0019-000000000003}.Debug|x86.Build.0 = Debug|Win32
		{A1945797-3AB6-428F-0019-000000000003}.Release|x64.ActiveCfg = Release|x64
		{A1945797-3AB6-428F-0019-000000000003}.Release|x64.Build.0 = Release|x64
		{A1945797-3AB6-428F-0019-000000000003}.Release|x86.ActiveCfg = Release|Win32
		{A1945797-3AB6-428F-0019-000000000003}.Release|x86.Build.0 = Release|Win32
		{A1945797-3AB6-428F-0020-000000000001}.Debug|x64.ActiveCfg = Debug|x64
		{A1945797-3AB6-428F-0020-000000000001}.Debug|x64.Build.0 = Debug|x64
		{A1945797-3AB6-428F-0020-000000000001}.Debug|x86.ActiveCfg = Debug|Win32
		{A1945797-3AB6-428F-0020-000000000001}.Debug|x86.Build.0 = Debug|Win32
		{A1945797-3AB6-428F-0020-000000000001}.Release|x64.ActiveCfg = Release|x64
		{A1945797-3AB6-428F-0020-000000000001}.Release|x64.Build.0 = Release|x64
		{A1945797-3AB6-428F-0020-000000000001}.Release|x86.ActiveCfg = Release|Win32
		{A1945797-3AB6-428F-0020-000000000001}.Release|x86.Build.0 = Release|Win32
		{A1945797-3AB6-428F-0020-000000000002}.Debug|x64.ActiveCfg = Debug|x64
		{A1945797-3AB6-428F-0020-000000000002}.Debug|x64.Build.0 = Debug|x64
		{A1945797-3AB6-428F-0020-000000000002}.Debug|x86.ActiveCfg = Debug|Win32
		{A1945797-3AB6-428F-0020-000000000002}.Debug|x86.Build.0 = Debug|Win32
		{A1945797-3AB6-428F-0020-000000000002}.Release|x64.ActiveCfg = Release|x64
		{A1945797-3AB6-428F-0020-000000000002}.Release|x64.Build.0 = Release|x64
		{A1945797-3AB6-428F-0020-000000000002}.Release|x86.ActiveCfg = Release|Win32
		{A1945797-3AB6-428F-0020-000000000002}.Release|x86.Build.0 = Release|Win32
		{A1945797-3AB6-428F-0020-000000000003}.Debug|x64.ActiveCfg = Debug|x64
		{A1945797-3AB6-428F-0020-000000000003}.Debug|x64.Build.0 = Debug|x64
		{A1945797-3AB6-428F-0020-000000000003}.Debug|x86.ActiveCfg = Debug|Win32
		{A1945797-3AB6-428F-0020-000000000003}.Debug|x86.Build.0 = Debug|Win32
		{A1945797-3AB6-428F-0020-000000000003}.Release|x64.ActiveCfg = Release|x64
		{A1945797-3AB6-428F-0020-000000000003}.Release|x64.Build.0 = Release|x64
		{A1945797-3AB6-428F-0020-000000000003}.Release|x86.ActiveCfg = Release|Win32
		{A1945797-3AB6-428F-0020-000000000003}.Release|x86.Build.0 = Release|Win32
		{A1945797-3AB6-428F-0021-000000000001}.Debug|x64.ActiveCfg = Debug|x64
		{A1945797-3AB6-428F-0021-000000000001}.Debug|x64.Build.0 = Debug|x64
		{A1945797-3AB6-428F-0021-000000000001}.Debug|x86.ActiveCfg = Debug|Win32
		{A1945797-3AB6-428F-0021-000000000001}.Debug|x86.Build.0 = Debug|Win32
		{A1945797-3AB6-428F-0021-000000000001}.Release|x64.ActiveCfg = Release|x64
		{A1945797-3AB6-428F-0021-000000000001}.Release|x64.Build.0 = Release|x64
		{A1945797-3AB6-428F-0021-000000000001}.Release|x86.ActiveCfg = Release|Win32
		{A1945797-3AB6-428F-0021-000000000001}.Release|x86.Build.0 = Release|Win32
		{A1945797-3AB6-428F-0021-000000000002}.Debug|x64.ActiveCfg = Debug|x64
		{A1945797-3AB6-428F-0021-000000000002}.Debug|x64.Build.0 = Debug|x64
		{A1945797-3AB6-428F-0021-000000000002}.Debug|x86.ActiveCfg = Debug|Win32
		{A1945797-3AB6-428F-0021-000000000002}.Debug|x86.Build.0 = Debug|Win32
		{A1945797-3AB6-428F-0021-000000000002}.Release|x64.ActiveCfg = Release|x64
		{A1945797-3AB6-428F-0021-000000000002}.Release|x64.Build.0 = Release|x64
		{A1945797-3AB6-428F-0021-000000000002}.Release|x86.ActiveCfg = Release|Win32
		{A1945797-3AB6-428F-0021-000000000002}.Release|x86.Build.0 = Release|Win32
		{A1945797-3AB6-428F-0021-000000000003}.Debug|x64.ActiveCfg = Debug|x64
		{A1945797-3AB6-428F-0021-000000000003}.Debug|x64.Build.0 = Debug|x64
		{A1945797-3AB6-428F-0021-000000000003}.Debug|x86.ActiveCfg = Debug|Win32
		{A1945797-3AB6-428F-0021-000000000003}.Debug|x86.Build.0 = Debug|Win32
		{A1945797-3AB6-428F-0021-000000000003}.Release|x64.ActiveCfg = Release|x64
		{A1945797-3AB6-428F-0021-000000000003}.Release|x64.Build.0 = Release|x64
		{A1945797-3AB6-428F-0021-000000000003}.Release|x86.ActiveCfg = Release|Win32
		{A1945797-3AB6-428F-0021-000000000003}.Release|x86.Build.0 = Release|Win32
		{A1945797-3AB6-428F-0022-000000000001}.Debug|x64.ActiveCfg = Debug|x64
		{A1945797-3AB6-428F-0022-000000000001}.Debug|x64.Build.0 = Debug|x64
		{A1945797-3AB6-428F-0022-000000000001}.Debug|x86.ActiveCfg = Debug|Win32
		{A1945797-3AB6-428F-0022-000000000001}.Debug|x86.Build.0 = Debug|Win32
		{A1945797-3AB6-428F-0022-000000000001}.Release|x64.ActiveCfg = Release|x64
		{A1945797-3AB6-428F-0022-000000000001}.Release|x64.Build.0 = Release|x64
		{A1945797-3AB6-428F-0022-000000000001}.Release|x86.ActiveCfg = Release|Win32
		{A1945797-3AB6-428F-0022-000000000001}.Release|x86.Build.0 = Release|Win32
		{A1945797-3AB6-428F-0022-000000000002}.Debug|x64.ActiveCfg = Debug|x64
		{A1945797-3AB6-428F-0022-000000000002}.Debug|x64.Build.0 = Debug|x64
		{A1945797-3AB6-428F-0022-000000000002}.Debug|x86.ActiveCfg = Debug|Win32
		{A1945797-3AB6-428F-0022-000000000002}.Debug|x86.Build.0 = Debug|Win32
		{A1945797-3AB6-428F-0022-000000000002}.Release|x64.ActiveCfg = Release|x64
		{A1945797-3AB6-428F-0022-000000000002}.Release|x64.Build.0 = Release|x64
		{A1945797-3AB6-428F-0022-000000000002}.Release|x86.ActiveCfg = Release|Win32
		{A1945797-3AB6-428F-0022-000000000002}.Release|x86.Build.0 = Release|Win32
		{A1945797-3AB6-428F-0022-000000000003}.Debug|x64.ActiveCfg = Debug|x64
		{A1945797-3AB6-428F-0022-000000000003}.Debug|x64.Build.0 = Debug|x64
		{A1945797-3AB6-428F-0022-000000000003}.Debug|x86.ActiveCfg = Debug|Win32
		{A1945797-3AB6-428F-0022-000000000003}.Debug|x86.Build.0 = Debug|Win32
		{A1945797-3AB6-428F-0022-000000000003}.Release|x64.ActiveCfg = Release|x64
		{A1945797-3AB6-428F-0022-000000000003}.Release|x64.Build.0 = Release|x64
		{A1945797-3AB6-428F-0022-000000000003}.Release|x86.ActiveCfg = Release|Win32
		{A1945797-3AB6-428F-0022-000000000003}.Release|x86.Build.0 = Release|Win32
		{A1945797-3AB6-428F-0023-000000000001}.Debug|x64.ActiveCfg = Debug|x64
		{A1945797-3AB6-428F-0023-000000000001}.Debug|x64.Build.0 = Debug|x64
		{A1945797-3AB6-428F-0023-000000000001}.Debug|x86.ActiveCfg = Debug|Win32
		{A1945797-3AB6-428F-0023-000000000001}.Debug|x86.Build.0 = Debug|Win32
		{A1945797-3AB6-428F-0023-000000000001}.Release|x64.ActiveCfg = Release|x64
		{A1945797-3AB6-428F-0023-000000000001}.Release|x64.Build.0 = Release|x64
		{A1945797-3AB6-428F-0023-000000000001}.Release|x86.ActiveCfg = Release|Win32
		{A1945797-3AB6-428F-0023-000000000001}.Release|x86.Build.0 = Release|Win32
		{A1945797-3AB6-428F-0023-000000000002}.Debug|x64.ActiveCfg = Debug|x64
		{A1945797-3AB6-428F-0023-000000000002}.Debug|x64.Build.0 = Debug|x64
		{A1945797-3AB6-428F-0023-000000000002}.Debug|x86.ActiveCfg = Debug|Win32
		{A1945797-3AB6-428F-0023-000000000002}.Debug|x86.Build.0 = Debug|Win32
		{A1945797-3AB6-428F-0023-000000000002}.Release|x64.ActiveCfg = Release|x64
		{A1945797-3AB6-428F-0023-000000000002}.Release|x64.Build.0 = Release|x64
		{A1945797-3AB6-428F-0023-000000000002}.Release|x86.ActiveCfg = Release|Win32
		{A1945797-3AB6-428F-0023-000000000002}.Release|x86.Build.0 = Release|Win32
		{A1945797-3AB6-428F-0023-000000000003}.Debug|x64.ActiveCfg = Debug|x64
		{A1945797-3AB6-428F-0023-000000000003}.Debug|x64.Build.0 = Debug|x64
		{A1945797-3AB6-428F-0023-000000000003}.Debug|x86.ActiveCfg = Debug|Win32
		{A1945797-3AB6-428F-0023-000000000003}.Debug|x86.Build.0 = Debug|Win32
		{A1945797-3AB6-428F-0023-000000000003}.Release|x64.ActiveCfg = Release|x64
		{A1945797-3AB6-428F-0023-000000000003}.Release|x64.Build.0 = Release|x64
		{A1945797-3AB6-428F-0023-000000000003}.Release|x86.ActiveCfg = Release|Win32
		{A1945797-3AB6-428F-0023-000000000003}.Release|x86.Build.0 = Release|Win32
		{A1945797-3AB6-428F-0024-000000000001}.Debug|x64.ActiveCfg = Debug|x64
		{A1945797-3AB6-428F-0024-000000000001}.Debug|x64.Build.0 = Debug|x64
		{A1945797-3AB6-428F-0024-000000000001}.Debug|x86.ActiveCfg = Debug|Win32
		{A1945797-3AB6-428F-0024-000000000001}.Debug|x86.Build.0 = Debug|Win32
		{A1945797-3AB6-428F-0024-000000000001}.Release|x64.ActiveCfg = Release|x64
		{A1945797-3AB6-428F-0024-000000000001}.Release|x64.Build.0 = Release|x64
		{A1945797-3AB6-428F-0024-000000000001}.Release|x86.ActiveCfg = Release|Win32
		{A1945797-3AB6-428F-0024-000000000001}.Release|x86.Build.0 = Release|Win32
		{A1945797-3AB6-428F-0024-000000000002}.Debug|x64.ActiveCfg = Debug|x64
		{A1945797-3AB6-428F-0024-000000000002}.Debug|x64.Build.0 = Debug|x64
		{A1945797-3AB6-428F-0024-000000000002}.Debug|x86.ActiveCfg = Debug|Win32
		{A1945797-3AB6-428F-0024-000000000002}.Debug|x86.Build.0 = Debug|Win32
		{A1945797-3AB6-428F-0024-000000000002}.Release|x64.ActiveCfg = Release|x64
		{A1945797-3AB6-428F-0024-000000000002}.Release|x64.Build.0 = Release|x64
		{A1945797-3AB6-428F-0024-000000000002}.Release|x86.ActiveCfg = Release|Win32
		{A1945797-3AB6-428F-0024-000000000002}.Release|x86.Build.0 = Release|Win32
		{A1945797-3AB6-428F-0024-000000000003}.Debug|x64.ActiveCfg = Debug|x64
		{A1945797-3AB6-428F-0024-000000000003}.Debug|x64.Build.0 = Debug|x64
		{A1945797-3AB6-428F-0024-000000000003}.Debug|x86.ActiveCfg = Debug|Win32
		{A1945797-3AB6-428F-0024-000000000003}.Debug|x86.Build.0 = Debug|Win32
		{A1945797-3AB6-428F-0024-000000000003}.Release|x64.ActiveCfg = Release|x64
		{A1945797-3AB6-428F-0024-000000000003}.Release|x64.Build.0 = Release|x64
		{A1945797-3AB6-428F-0024-000000000003}.Release|x86.ActiveCfg = Release|Win32
		{A1945797-3AB6-428F-0024-000000000003}.Release|x86.Build.0 = Release|Win32
		{A1945797-3AB6-428F-0025-000000000001}.Debug|x64.ActiveCfg = Debug|x64
		{A1945797-3AB6-428F-0025-000000000001}.Debug|x64.Build.0 = Debug|x64
		{A1945797-3AB6-428F-0025-000000000001}.Debug|x86.ActiveCfg = Debug|Win32
		{A1945797-3AB6-428F-0025-000000000001}.Debug|x86.Build.0 = Debug|Win32
		{A1945797-3AB6-428F-0025-000000000001}.Release|x64.ActiveCfg = Release|x64
		{A1945797-3AB6-428F-0025-000000000001}.Release|x64.Build.0 = Release|x64
		{A1945797-3AB6-428F-0025-000000000001}.Release|x86.ActiveCfg = Release|Win32
		{A1945797-3AB6-428F-0025-000000000001}.Release|x86.Build.0 = Release|Win32
		{A1945797-3AB6-428F-0025-000000000002}.Debug|x64.ActiveCfg = Debug|x64
		{A1945797-3AB6-428F-0025-000000000002}.Debug|x64.Build.0 = Debug|x64
		{A1945797-3AB6-428F-0025-000000000002}.Debug|x86.ActiveCfg = Debug|Win32
		{A1945797-3AB6-428F-0025-000000000002}.Debug|x86.Build.0 = Debug|Win32
		{A1945797-3AB6-428F-0025-000000000002}.Release|x64.ActiveCfg = Release|x64
		{A1945797-3AB6-428F-0025-000000000002}.Release|x64.Build.0 = Release|x64
		{A1945797-3AB6-428F-0025-000000000002}.Release|x86.ActiveCfg = Release|Win32
		{A1945797-3AB6-428F-0025-000000000002}.Release|x86.Build.0 = Release|Win32
		{A1945797-3AB6-428F-0025-000000000003}.Debug|x64.ActiveCfg = Debug|x64
		{A1945797-3AB6-428F-0025-000000000003}.Debug|x64.Build.0 = Debug|x64
		{A1945797-3AB6-428F-0025-000000000003}.Debug|x86.ActiveCfg = Debug|Win32
		{A1945797-3AB6-428F-0025-000000000003}.Debug|x86.Build.0 = Debug|Win32
		{A1945797-3AB6-428F-0025-000000000003}.Release|x64.ActiveCfg = Release|x64
		{A1945797-3AB6-428F-0025-000000000003}.Release|x64.Build.0 = Release|x64
		{A1945797-3AB6-428F-0025-000000000003}.Release|x86.ActiveCfg = Release|Win32
		{A1945797-3AB6-428F-0025-000000000003}.Release|x86.Build.0 = Release|Win32
		{887B15A3-C4DC-4E31-82B4-43006E571083}.Debug|x64.ActiveCfg = Debug|x64
		{887B15A3-C4DC-4E31-82B4-43006E571083}.Debug|x64.Build.0 = Debug|x64
		{887B15A3-C4DC-4E31-82B4-43006E571083}.Debug|x86.ActiveCfg = Debug|Win32
		{887B15A3-C4DC-4E31-82B4-43006E571083}.Debug|x86.Build.0 = Debug|Win32
		{887B15A3-C4DC-4E31-82B4-43006E571083}.Release|x64.ActiveCfg = Release|x64
		{887B15A3-C4DC-4E31-82B4-43006E571083}.Release|x64.Build.0 = Release|x64
		{887B15A3-C4DC-4E31-82B4-43006E571083}.Release|x86.ActiveCfg = Release|Win32
		{887B15A3-C4DC-4E31-82B4-43006E571083}.Release|x86.Build.0 = Release|Win32
	EndGlobalSection
	GlobalSection(SolutionProperties) = preSolution
		HideSolutionNode = FALSE
	EndGlobalSection
	GlobalSection(NestedProjects) = preSolution
		{A1945797-3AB6-428F-0001-000000000001} = {A1945797-3AB6-428F-0001-000000000000}
		{A1945797-3AB6-428F-0001-000000000002} = {A1945797-3AB6-428F-0001-000000000000}
		{A1945797-3AB6-428F-0001-000000000003} = {A1945797-3AB6-428F-0001-000000000000}
		{A1945797-3AB6-428F-0001-000000000004} = {A1945797-3AB6-428F-0001-000000000000}
		{A1945797-3AB6-428F-0002-000000000001} = {A1945797-3AB6-428F-0002-000000000000}
		{A1945797-3AB6-428F-0002-000000000002} = {A1945797-3AB6-428F-0002-000000000000}
		{A1945797-3AB6-428F-0002-000000000003} = {A1945797-3AB6-428F-0002-000000000000}
		{A1945797-3AB6-428F-0002-000000000004} = {A1945797-3AB6-428F-0002-000000000000}
		{A1945797-3AB6-428F-0003-000000000001} = {A1945797-3AB6-428F-0003-000000000000}
		{A1945797-3AB6-428F-0003-000000000002} = {A1945797-3AB6-428F-0003-000000000000}
		{A1945797-3AB6-428F-0003-000000000003} = {A1945797-3AB6-428F-0003-000000000000}
		{A1945797-3AB6-428F-0003-000000000004} = {A1945797-3AB6-428F-0003-000000000000}
		{A1945797-3AB6-428F-0004-000000000001} = {A1945797-3AB6-428F-0004-000000000000}
		{A1945797-3AB6-428F-0004-000000000002} = {A1945797-3AB6-428F-0004-000000000000}
		{A1945797-3AB6-428F-0004-000000000003} = {A1945797-3AB6-428F-0004-000000000000}
		{A1945797-3AB6-428F-0004-000000000004} = {A1945797-3AB6-428F-0004-000000000000}
		{A1945797-3AB6-428F-0005-000000000001} = {A1945797-3AB6-428F-0005-000000000000}
		{A1945797-3AB6-428F-0005-000000000002} = {A1945797-3AB6-428F-0005-000000000000}
		{A1945797-3AB6-428F-0005-000000000003} = {A1945797-3AB6-428F-0005-000000000000}
		{A1945797-3AB6-428F-0005-000000000004} = {A1945797-3AB6-428F-0005-000000000000}
		{A1945797-3AB6-428F-0006-000000000001} = {A1945797-3AB6-428F-0006-000000000000}
		{A1945797-3AB6-428F-0006-000000000002} = {A1945797-3AB6-428F-0006-000000000000}
		{A1945797-3AB6-428F-0006-000000000003} = {A1945797-3AB6-428F-0006-000000000000}
		{A1945797-3AB6-428F-0006-000000000004} = {A1945797-3AB6-428F-0006-000000000000}
		{A1945797-3AB6-428F-0007-000000000001} = {A1945797-3AB6-428F-0007-000000000000}
		{A1945797-3AB6-428F-0007-000000000002} = {A1945797-3AB6-428F-0007-000000000000}
		{A1945797-3AB6-428F-0007-000000000003} = {A1945797-3AB6-428F-0007-000000000000}
		{A1945797-3AB6-428F-0007-000000000004} = {A1945797-3AB6-428F-0007-000000000000}
		{A1945797-3AB6-428F-0008-000000000001} = {A1945797-3AB6-428F-0008-000000000000}
		{A1945797-3AB6-428F-0008-000000000002} = {A1945797-3AB6-428F-0008-000000000000}
		{A1945797-3AB6-428F-0008-000000000003} = {A1945797-3AB6-428F-0008-000000000000}
		{A1945797-3AB6-428F-0008-000000000004} = {A1945797-3AB6-428F-0008-000000000000}
		{A1945797-3AB6-428F-0009-000000000001} = {A1945797-3AB6-428F-0009-000000000000}
		{A1945797-3AB6-428F-0009-000000000002} = {A1945797-3AB6-428F-0009-000000000000}
		{A1945797-3AB6-428F-0009-000000000003} = {A1945797-3AB6-428F-0009-000000000000}
		{A1945797-3AB6-428F-0009-000000000004} = {A1945797-3AB6-428F-0009-000000000000}
		{A1945797-3AB6-428F-0010-000000000001} = {A1945797-3AB6-428F-0010-000000000000}
		{A1945797-3AB6-428F-0010-000000000002} = {A1945797-3AB6-428F-0010-000000000000}
		{A1945797-3AB6-428F-0010-000000000003} = {A1945797-3AB6-428F-0010-000000000000}
		{A1945797-3AB6-428F-0010-000000000004} = {A1945797-3AB6-428F-0010-000000000000}
		{A1945797-3AB6-428F-0011-000000000001} = {A1945797-3AB6-428F-0011-000000000000}
		{A1945797-3AB6-428F-0011-000000000002} = {A1945797-3AB6-428F-0011-000000000000}
		{A1945797-3AB6-428F-0011-000000000003} = {A1945797-3AB6-428F-0011-000000000000}
		{A1945797-3AB6-428F-0011-000000000004} = {A1945797-3AB6-428F-0011-000000000000}
		{A1945797-3AB6-428F-0012-000000000001} = {A1945797-3AB6-428F-0012-000000000000}
		{A1945797-3AB6-428F-0012-000000000002} = {A1945797-3AB6-428F-0012-000000000000}
		{A1945797-3AB6-428F-0012-000000000003} = {A1945797-3AB6-428F-0012-000000000000}
		{A1945797-3AB6-428F-0012-000000000004} = {A1945797-3AB6-428F-0012-000000000000}
		{A1945797-3AB6-428F-0013-000000000001} = {A1945797-3AB6-428F-0013-000000000000}
		{A1945797-3AB6-428F-0013-000000000002} = {A1945797-3AB6-428F-0013-000000000000}
		{A1945797-3AB6-428F-0013-000000000003} = {A1945797-3AB6-428F-0013-000000000000}
		{A1945797-3AB6-428F-0013-000000000004} = {A1945797-3AB6-428F-0013-000000000000}
		{A1945797-3AB6-428F-0014-000000000001} = {A1945797-3AB6-428F-0014-000000000000}
		{A1945797-3AB6-428F-0014-000000000002} = {A1945797-3AB6-428F-0014-000000000000}
		{A1945797-3AB6-428F-0014-000000000003} = {A1945797-3AB6-428F-0014-000000000000}
		{A1945797-3AB6-428F-0014-000000000004} = {A1945797-3AB6-428F-0014-000000000000}
		{A1945797-3AB6-428F-0015-000000000001} = {A1945797-3AB6-428F-0015-000000000000}
		{A1945797-3AB6-428F-0015-000000000002} = {A1945797-3AB6-428F-0015-000000000000}
		{A1945797-3AB6-428F-0015-000000000003} = {A1945797-3AB6-428F-0015-000000000000}
		{A1945797-3AB6-428F-0015-000000000004} = {A1945797-3AB6-428F-0015-000000000000}
		{A1945797-3AB6-428F-0016-000000000001} = {A1945797-3AB6-428F-0016-000000000000}
		{A1945797-3AB6-428F-0016-000000000002} = {A1945797-3AB6-428F-0016-000000000000}
		{A1945797-3AB6-428F-0016-000000000003} = {A1945797-3AB6-428F-0016-000000000000}
		{A1945797-3AB6-428F-0016-000000000004} = {A1945797-3AB6-428F-0016-000000000000}
		{A1945797-3AB6-428F-0017-000000000001} = {A1945797-3AB6-428F-0017-000000000000}
		{A1945797-3AB6-428F-0017-000000000002} = {A1945797-3AB6-428F-0017-000000000000}
		{A1945797-3AB6-428F-0017-000000000003} = {A1945797-3AB6-428F-0017-000000000000}
		{A1945797-3AB6-428F-0017-000000000004} = {A1945797-3AB6-428F-0017-000000000000}
		{A1945797-3AB6-428F-0018-000000000001} = {A1945797-3AB6-428F-0018-000000000000}
		{A1945797-3AB6-428F-0018-000000000002} = {A1945797-3AB6-428F-0018-000000000000}
		{A1945797-3AB6-428F-0018-000000000003} = {A1945797-3AB6-428F-0018-000000000000}
		{A1945797-3AB6-428F-0018-000000000004} = {A1945797-3AB6-428F-0018-000000000000}
		{A1945797-3AB6-428F-0019-000000000001} = {A1945797-3AB6-428F-0019-000000000000}
		{A1945797-3AB6-428F-0019-000000000002} = {A1945797-3AB6-428F-0019-000000000000}
		{A1945797-3AB6-428F-0019-000000000003} = {A1945797-3AB6-428F-0019-000000000000}
		{A1945797-3AB6-428F-0019-000000000004} = {A1945797-3AB6-428F-0019-000000000000}
		{A1945797-3AB6-428F-0020-000000000001} = {A1945797-3AB6-428F-0020-000000000000}
		{A1945797-3AB6-428F-0020-000000000002} = {A1945797-3AB6-428F-0020-000000000000}
		{A1945797-3AB6-428F-0020-000000000003} = {A1945797-3AB6-428F-0020-000000000000}
		{A1945797-3AB6-428F-0020-000000000004} = {A1945797-3AB6-428F-0020-000000000000}
		{A1945797-3AB6-428F-0021-000000000001} = {A1945797-3AB6-428F-0021-000000000000}
		{A1945797-3AB6-428F-0021-000000000002} = {A1945797-3AB6-428F-0021-000000000000}
		{A1945797-3AB6-428F-0021-000000000003} = {A1945797-3AB6-428F-0021-000000000000}
		{A1945797-3AB6-428F-0021-000000000004} = {A1945797-3AB6-428F-0021-000000000000}
		{A1945797-3AB6-428F-0022-000000000001} = {A1945797-3AB6-428F-0022-000000000000}
		{A1945797-3AB6-428F-0022-000000000002} = {A1945797-3AB6-428F-0022-000000000000}
		{A1945797-3AB6-428F-0022-000000000003} = {A1945797-3AB6-428F-0022-000000000000}
		{A1945797-3AB6-428F-0022-000000000004} = {A1945797-3AB6-428F-0022-000000000000}
		{A1945797-3AB6-428F-0023-000000000001} = {A1945797-3AB6-428F-0023-000000000000}
		{A1945797-3AB6-428F-0023-000000000002} = {A1945797-3AB6-428F-0023-000000000000}
		{A1945797-3AB6-428F-0023-000000000003} = {A1945797-3AB6-428F-0023-000000000000}
		{A1945797-3AB6-428F-0023-000000000004} = {A1945797-3AB6-428F-0023-000000000000}
		{A1945797-3AB6-428F-0024-000000000001} = {A1945797-3AB6-428F-0024-000000000000}
		{A1945797-3AB6-428F-0024-000000000002} = {A1945797-3AB6-428F-0024-000000000000}
		{A1945797-3AB6-428F-0024-000000000003} = {A1945797-3AB6-428F-0024-000000000000}
		{A1945797-3AB6-428F-0024-000000000004} = {A1945797-3AB6-428F-0024-000000000000}
		{A1945797-3AB6-428F-0025-000000000001} = {A1945797-3AB6-428F-0025-000000000000}
		{A1945797-3AB6-428F-0025-000000000002} = {A1945797-3AB6-428F-0025-000000000000}
		{A1945797-3AB6-428F-0025-000000000003} = {A1945797-3AB6-428F-0025-000000000000}
		{A1945797-3AB6-428F-0025-000000000004} = {A1945797-3AB6-428F-0025-000000000000}
	EndGlobalSection
	GlobalSection(ExtensibilityGlobals) = postSolution
		SolutionGuid = {16832DA1-9966-4188-AF45-7C0FFE255894}
	EndGlobalSection
EndGlobal
